// !$*UTF8*$!
{
	archiveVersion = 1;
	classes = {
	};
	objectVersion = 51;
	objects = {

/* Begin PBXBuildFile section */
		7F9E5990EE324F74140B025F /* Pods_Ricipidian.framework in Frameworks */ = {isa = PBXBuildFile; fileRef = 5233A614655B9AD4EABB4F0C /* Pods_Ricipidian.framework */; };
		8836053526087A6700A047E0 /* BaseTableViewController.swift in Sources */ = {isa = PBXBuildFile; fileRef = 8836053426087A6700A047E0 /* BaseTableViewController.swift */; };
		8836053B26087AF000A047E0 /* TableViewCommon.swift in Sources */ = {isa = PBXBuildFile; fileRef = 8836053A26087AF000A047E0 /* TableViewCommon.swift */; };
		8874902A26066F54004D65BA /* UserDefaultHelper.swift in Sources */ = {isa = PBXBuildFile; fileRef = 8874902926066F54004D65BA /* UserDefaultHelper.swift */; };
		88749039260670CD004D65BA /* Coordinator.swift in Sources */ = {isa = PBXBuildFile; fileRef = 88749038260670CD004D65BA /* Coordinator.swift */; };
		8874903F2606727C004D65BA /* IBaseCollectionVM.swift in Sources */ = {isa = PBXBuildFile; fileRef = 8874903E2606727C004D65BA /* IBaseCollectionVM.swift */; };
		88749047260672CB004D65BA /* BaseViewModel.swift in Sources */ = {isa = PBXBuildFile; fileRef = 88749046260672CB004D65BA /* BaseViewModel.swift */; };
		8874904C260672F9004D65BA /* SectionViewModel.swift in Sources */ = {isa = PBXBuildFile; fileRef = 8874904B260672F9004D65BA /* SectionViewModel.swift */; };
		887490512606731A004D65BA /* BaseCollectionVM.swift in Sources */ = {isa = PBXBuildFile; fileRef = 887490502606731A004D65BA /* BaseCollectionVM.swift */; };
		887490572606739C004D65BA /* RowViewModel.swift in Sources */ = {isa = PBXBuildFile; fileRef = 887490562606739C004D65BA /* RowViewModel.swift */; };
		8874905F260673BC004D65BA /* BaseResponse.swift in Sources */ = {isa = PBXBuildFile; fileRef = 8874905E260673BC004D65BA /* BaseResponse.swift */; };
		88749064260673E0004D65BA /* BaseRequest.swift in Sources */ = {isa = PBXBuildFile; fileRef = 88749063260673E0004D65BA /* BaseRequest.swift */; };
		8874906A260674C3004D65BA /* Logger.swift in Sources */ = {isa = PBXBuildFile; fileRef = 88749069260674C3004D65BA /* Logger.swift */; };
		88749072260675B4004D65BA /* UITableView.swift in Sources */ = {isa = PBXBuildFile; fileRef = 88749071260675B4004D65BA /* UITableView.swift */; };
		88749077260675E8004D65BA /* UICollectionView.swift in Sources */ = {isa = PBXBuildFile; fileRef = 88749076260675E8004D65BA /* UICollectionView.swift */; };
		8874907C26067690004D65BA /* UITextField.swift in Sources */ = {isa = PBXBuildFile; fileRef = 8874907B26067690004D65BA /* UITextField.swift */; };
		8874909626067913004D65BA /* UIButton.swift in Sources */ = {isa = PBXBuildFile; fileRef = 8874909526067913004D65BA /* UIButton.swift */; };
		8874909B260679B4004D65BA /* UITextView.swift in Sources */ = {isa = PBXBuildFile; fileRef = 8874909A260679B4004D65BA /* UITextView.swift */; };
		887490A0260679EE004D65BA /* UISearchBar.swift in Sources */ = {isa = PBXBuildFile; fileRef = 8874909F260679EE004D65BA /* UISearchBar.swift */; };
		887490A526067A27004D65BA /* UIViewController.swift in Sources */ = {isa = PBXBuildFile; fileRef = 887490A426067A27004D65BA /* UIViewController.swift */; };
		887490AA26067A55004D65BA /* UIView.swift in Sources */ = {isa = PBXBuildFile; fileRef = 887490A926067A55004D65BA /* UIView.swift */; };
		887490AF26067AB7004D65BA /* Bundle.swift in Sources */ = {isa = PBXBuildFile; fileRef = 887490AE26067AB7004D65BA /* Bundle.swift */; };
		887490B426067B27004D65BA /* RxSwiftExtenstion.swift in Sources */ = {isa = PBXBuildFile; fileRef = 887490B326067B27004D65BA /* RxSwiftExtenstion.swift */; };
		887490BA26067C10004D65BA /* CustomTableView.swift in Sources */ = {isa = PBXBuildFile; fileRef = 887490B926067C10004D65BA /* CustomTableView.swift */; };
		887490C226067C4D004D65BA /* CellConfigurable.swift in Sources */ = {isa = PBXBuildFile; fileRef = 887490C126067C4D004D65BA /* CellConfigurable.swift */; };
		887490C726067C88004D65BA /* CustomCollectionView.swift in Sources */ = {isa = PBXBuildFile; fileRef = 887490C626067C88004D65BA /* CustomCollectionView.swift */; };
		887490CC26067D37004D65BA /* DatePickerViewController.swift in Sources */ = {isa = PBXBuildFile; fileRef = 887490CB26067D37004D65BA /* DatePickerViewController.swift */; };
		887490D126067D85004D65BA /* PopupDialogCustom.swift in Sources */ = {isa = PBXBuildFile; fileRef = 887490D026067D85004D65BA /* PopupDialogCustom.swift */; };
		887490D626067DC4004D65BA /* IPopupDialogView.swift in Sources */ = {isa = PBXBuildFile; fileRef = 887490D526067DC4004D65BA /* IPopupDialogView.swift */; };
		887490DB26067E01004D65BA /* UIAlertController.swift in Sources */ = {isa = PBXBuildFile; fileRef = 887490DA26067E01004D65BA /* UIAlertController.swift */; };
		887490E026067E6A004D65BA /* BaseDefine.swift in Sources */ = {isa = PBXBuildFile; fileRef = 887490DF26067E6A004D65BA /* BaseDefine.swift */; };
		887490EE26067EEC004D65BA /* BaseService.swift in Sources */ = {isa = PBXBuildFile; fileRef = 887490ED26067EEC004D65BA /* BaseService.swift */; };
		887490F626067F3C004D65BA /* BaseServiceManager.swift in Sources */ = {isa = PBXBuildFile; fileRef = 887490F526067F3C004D65BA /* BaseServiceManager.swift */; };
		8894BE87260A532F00BEF8FA /* RecipeListViewController.swift in Sources */ = {isa = PBXBuildFile; fileRef = 8894BE85260A532F00BEF8FA /* RecipeListViewController.swift */; };
		8894BE88260A532F00BEF8FA /* RecipeListViewController.xib in Resources */ = {isa = PBXBuildFile; fileRef = 8894BE86260A532F00BEF8FA /* RecipeListViewController.xib */; };
		88C588BE260AD57A00181C3C /* RecipeListTableViewCell.swift in Sources */ = {isa = PBXBuildFile; fileRef = 88C588BC260AD57A00181C3C /* RecipeListTableViewCell.swift */; };
		88C588BF260AD57A00181C3C /* RecipeListTableViewCell.xib in Resources */ = {isa = PBXBuildFile; fileRef = 88C588BD260AD57A00181C3C /* RecipeListTableViewCell.xib */; };
		88CD022526400166006ADCAE /* AddMaterialViewController.swift in Sources */ = {isa = PBXBuildFile; fileRef = 88CD022326400166006ADCAE /* AddMaterialViewController.swift */; };
		88CD022626400166006ADCAE /* AddMaterialViewController.xib in Resources */ = {isa = PBXBuildFile; fileRef = 88CD022426400166006ADCAE /* AddMaterialViewController.xib */; };
		88CD95ED2610E16700FD5CB9 /* CustomTextFieldView.swift in Sources */ = {isa = PBXBuildFile; fileRef = 88CD95EC2610E16700FD5CB9 /* CustomTextFieldView.swift */; };
		88CD95F52610E18700FD5CB9 /* CustomTextAreaView.swift in Sources */ = {isa = PBXBuildFile; fileRef = 88CD95F42610E18700FD5CB9 /* CustomTextAreaView.swift */; };
		88D17FD7260F4463005C032C /* RecipeGroupListTableViewCell.swift in Sources */ = {isa = PBXBuildFile; fileRef = 88D17FD5260F4463005C032C /* RecipeGroupListTableViewCell.swift */; };
		88D17FD8260F4463005C032C /* RecipeGroupListTableViewCell.xib in Resources */ = {isa = PBXBuildFile; fileRef = 88D17FD6260F4463005C032C /* RecipeGroupListTableViewCell.xib */; };
		88D17FDD260F45FE005C032C /* RecipeGroupListTableViewCellViewModel.swift in Sources */ = {isa = PBXBuildFile; fileRef = 88D17FDC260F45FE005C032C /* RecipeGroupListTableViewCellViewModel.swift */; };
		88D17FE4260F4AD7005C032C /* Recipe.swift in Sources */ = {isa = PBXBuildFile; fileRef = 88D17FE3260F4AD7005C032C /* Recipe.swift */; };
		88D17FEC260F4E6E005C032C /* User.swift in Sources */ = {isa = PBXBuildFile; fileRef = 88D17FEB260F4E6E005C032C /* User.swift */; };
		88D17FF7260F53AF005C032C /* AddRecipe1TableViewCell.swift in Sources */ = {isa = PBXBuildFile; fileRef = 88D17FF5260F53AF005C032C /* AddRecipe1TableViewCell.swift */; };
		88D17FF8260F53AF005C032C /* AddRecipe1TableViewCell.xib in Resources */ = {isa = PBXBuildFile; fileRef = 88D17FF6260F53AF005C032C /* AddRecipe1TableViewCell.xib */; };
		88D18000260F53CA005C032C /* AddRecipe1TableViewCellViewModel.swift in Sources */ = {isa = PBXBuildFile; fileRef = 88D17FFF260F53CA005C032C /* AddRecipe1TableViewCellViewModel.swift */; };
		88D1800A260F585F005C032C /* AddRecipeViewModel.swift in Sources */ = {isa = PBXBuildFile; fileRef = 88D18009260F585F005C032C /* AddRecipeViewModel.swift */; };
		88D18014260F587B005C032C /* AddRecipeCoordinator.swift in Sources */ = {isa = PBXBuildFile; fileRef = 88D18013260F587B005C032C /* AddRecipeCoordinator.swift */; };
		88D1801C260F598C005C032C /* AddRecipeTableView.swift in Sources */ = {isa = PBXBuildFile; fileRef = 88D1801B260F598C005C032C /* AddRecipeTableView.swift */; };
		88D18025260F5B06005C032C /* AddRecipeViewModelProtocol.swift in Sources */ = {isa = PBXBuildFile; fileRef = 88D18024260F5B06005C032C /* AddRecipeViewModelProtocol.swift */; };
		88D1802A260F5B97005C032C /* AddRecipeCoordinatorProtocol.swift in Sources */ = {isa = PBXBuildFile; fileRef = 88D18029260F5B97005C032C /* AddRecipeCoordinatorProtocol.swift */; };
		88D49A78264016230005D45E /* AddMaterialTableViewCell.swift in Sources */ = {isa = PBXBuildFile; fileRef = 88D49A76264016230005D45E /* AddMaterialTableViewCell.swift */; };
		88D49A79264016230005D45E /* AddMaterialTableViewCell.xib in Resources */ = {isa = PBXBuildFile; fileRef = 88D49A77264016230005D45E /* AddMaterialTableViewCell.xib */; };
		88D49A8A264019820005D45E /* AddMaterialButtonTableViewCell.swift in Sources */ = {isa = PBXBuildFile; fileRef = 88D49A88264019820005D45E /* AddMaterialButtonTableViewCell.swift */; };
		88D49A8B264019820005D45E /* AddMaterialButtonTableViewCell.xib in Resources */ = {isa = PBXBuildFile; fileRef = 88D49A89264019820005D45E /* AddMaterialButtonTableViewCell.xib */; };
		88D49A9B26401B2B0005D45E /* AddMaterialTableView.swift in Sources */ = {isa = PBXBuildFile; fileRef = 88D49A9A26401B2B0005D45E /* AddMaterialTableView.swift */; };
		88D49AA026401B800005D45E /* AddMaterialButtonTableViewCellViewModel.swift in Sources */ = {isa = PBXBuildFile; fileRef = 88D49A9F26401B800005D45E /* AddMaterialButtonTableViewCellViewModel.swift */; };
		88D49AA526401BC00005D45E /* AddMaterialTableViewCellViewModel.swift in Sources */ = {isa = PBXBuildFile; fileRef = 88D49AA426401BC00005D45E /* AddMaterialTableViewCellViewModel.swift */; };
		88D49AAA26401C8B0005D45E /* AddMaterialViewModel.swift in Sources */ = {isa = PBXBuildFile; fileRef = 88D49AA926401C8B0005D45E /* AddMaterialViewModel.swift */; };
		88D49AAF26401C9A0005D45E /* AddMaterialCoordinator.swift in Sources */ = {isa = PBXBuildFile; fileRef = 88D49AAE26401C9A0005D45E /* AddMaterialCoordinator.swift */; };
		88D49AB426401D660005D45E /* AddMaterialViewModelProtocol.swift in Sources */ = {isa = PBXBuildFile; fileRef = 88D49AB326401D660005D45E /* AddMaterialViewModelProtocol.swift */; };
		88D49AB926401DCD0005D45E /* AddMaterialCoordinatorProtocol.swift in Sources */ = {isa = PBXBuildFile; fileRef = 88D49AB826401DCD0005D45E /* AddMaterialCoordinatorProtocol.swift */; };
		88D49AD52640345D0005D45E /* AlertMessage.swift in Sources */ = {isa = PBXBuildFile; fileRef = 88D49AD42640345D0005D45E /* AlertMessage.swift */; };
		88D5BED0260F98AC0074C1EF /* AddRecipeViewController.swift in Sources */ = {isa = PBXBuildFile; fileRef = 88D5BECE260F98AB0074C1EF /* AddRecipeViewController.swift */; };
		88D5BED1260F98AC0074C1EF /* AddRecipeViewController.xib in Resources */ = {isa = PBXBuildFile; fileRef = 88D5BECF260F98AB0074C1EF /* AddRecipeViewController.xib */; };
		88D76CA026084C3E007A55DB /* NetworkState.swift in Sources */ = {isa = PBXBuildFile; fileRef = 88D76C9F26084C3E007A55DB /* NetworkState.swift */; };
		88D76CA526084C7C007A55DB /* NotifyName.swift in Sources */ = {isa = PBXBuildFile; fileRef = 88D76CA426084C7C007A55DB /* NotifyName.swift */; };
		88D76CAB26084DC0007A55DB /* BaseTableViewCell.swift in Sources */ = {isa = PBXBuildFile; fileRef = 88D76CAA26084DC0007A55DB /* BaseTableViewCell.swift */; };
		88D76CB326084E3B007A55DB /* BaseViewController.swift in Sources */ = {isa = PBXBuildFile; fileRef = 88D76CB226084E3B007A55DB /* BaseViewController.swift */; };
		88E592AF2606669F00803C82 /* AppDelegate.swift in Sources */ = {isa = PBXBuildFile; fileRef = 88E592AE2606669F00803C82 /* AppDelegate.swift */; };
		88E592B12606669F00803C82 /* SceneDelegate.swift in Sources */ = {isa = PBXBuildFile; fileRef = 88E592B02606669F00803C82 /* SceneDelegate.swift */; };
		88E592B32606669F00803C82 /* ViewController.swift in Sources */ = {isa = PBXBuildFile; fileRef = 88E592B22606669F00803C82 /* ViewController.swift */; };
		88E592B62606669F00803C82 /* Main.storyboard in Resources */ = {isa = PBXBuildFile; fileRef = 88E592B42606669F00803C82 /* Main.storyboard */; };
		88E592B8260666A000803C82 /* Assets.xcassets in Resources */ = {isa = PBXBuildFile; fileRef = 88E592B7260666A000803C82 /* Assets.xcassets */; };
		88E592BB260666A000803C82 /* LaunchScreen.storyboard in Resources */ = {isa = PBXBuildFile; fileRef = 88E592B9260666A000803C82 /* LaunchScreen.storyboard */; };
		88E592C6260666A000803C82 /* RicipidianTests.swift in Sources */ = {isa = PBXBuildFile; fileRef = 88E592C5260666A000803C82 /* RicipidianTests.swift */; };
		88E592D1260666A000803C82 /* RicipidianUITests.swift in Sources */ = {isa = PBXBuildFile; fileRef = 88E592D0260666A000803C82 /* RicipidianUITests.swift */; };
		88F461CF260C722400A4397E /* RecipeListTableViewCellViewModel.swift in Sources */ = {isa = PBXBuildFile; fileRef = 88F461CE260C722400A4397E /* RecipeListTableViewCellViewModel.swift */; };
		88F461D4260C73F400A4397E /* RecipeListViewModel.swift in Sources */ = {isa = PBXBuildFile; fileRef = 88F461D3260C73F400A4397E /* RecipeListViewModel.swift */; };
		88F461D9260C755D00A4397E /* RecipeListCoordinatorProtocol.swift in Sources */ = {isa = PBXBuildFile; fileRef = 88F461D8260C755D00A4397E /* RecipeListCoordinatorProtocol.swift */; };
		88F461DE260C759100A4397E /* RecipeListViewModelProtocol.swift in Sources */ = {isa = PBXBuildFile; fileRef = 88F461DD260C759100A4397E /* RecipeListViewModelProtocol.swift */; };
		88F461E4260C75F700A4397E /* RecipeListTableView.swift in Sources */ = {isa = PBXBuildFile; fileRef = 88F461E3260C75F700A4397E /* RecipeListTableView.swift */; };
		88FF00502609E677003FB601 /* BaseNavigationController.swift in Sources */ = {isa = PBXBuildFile; fileRef = 88FF004F2609E677003FB601 /* BaseNavigationController.swift */; };
		88FF00562609E744003FB601 /* CustomESTabBarItemContentView.swift in Sources */ = {isa = PBXBuildFile; fileRef = 88FF00552609E744003FB601 /* CustomESTabBarItemContentView.swift */; };
		88FF005F2609E7EC003FB601 /* AppCoordinator.swift in Sources */ = {isa = PBXBuildFile; fileRef = 88FF005E2609E7EC003FB601 /* AppCoordinator.swift */; };
		88FF006C2609EA32003FB601 /* RecipeListCoordinator.swift in Sources */ = {isa = PBXBuildFile; fileRef = 88FF006B2609EA32003FB601 /* RecipeListCoordinator.swift */; };
		88FF00792609EE61003FB601 /* CustomTabbarItemView.swift in Sources */ = {isa = PBXBuildFile; fileRef = 88FF00782609EE61003FB601 /* CustomTabbarItemView.swift */; };
		88FFFFAC2609D118003FB601 /* MainTabbarViewController.swift in Sources */ = {isa = PBXBuildFile; fileRef = 88FFFFAB2609D118003FB601 /* MainTabbarViewController.swift */; };
		88FFFFE32609D620003FB601 /* MainTabbarCoordinator.swift in Sources */ = {isa = PBXBuildFile; fileRef = 88FFFFE22609D620003FB601 /* MainTabbarCoordinator.swift */; };
		88FFFFE82609D671003FB601 /* GlobalData.swift in Sources */ = {isa = PBXBuildFile; fileRef = 88FFFFE72609D671003FB601 /* GlobalData.swift */; };
		A58773A988358C313CD29EFB /* Pods_RicipidianTests.framework in Frameworks */ = {isa = PBXBuildFile; fileRef = 546D2D681A52E23E0B2B3049 /* Pods_RicipidianTests.framework */; };
		ABCB70241832EEC0A074D1A4 /* Pods_Ricipidian_RicipidianUITests.framework in Frameworks */ = {isa = PBXBuildFile; fileRef = E02B7D42700FCB1B042243CF /* Pods_Ricipidian_RicipidianUITests.framework */; };
/* End PBXBuildFile section */

/* Begin PBXContainerItemProxy section */
		88E592C2260666A000803C82 /* PBXContainerItemProxy */ = {
			isa = PBXContainerItemProxy;
			containerPortal = 88E592A32606669F00803C82 /* Project object */;
			proxyType = 1;
			remoteGlobalIDString = 88E592AA2606669F00803C82;
			remoteInfo = Ricipidian;
		};
		88E592CD260666A000803C82 /* PBXContainerItemProxy */ = {
			isa = PBXContainerItemProxy;
			containerPortal = 88E592A32606669F00803C82 /* Project object */;
			proxyType = 1;
			remoteGlobalIDString = 88E592AA2606669F00803C82;
			remoteInfo = Ricipidian;
		};
/* End PBXContainerItemProxy section */

/* Begin PBXFileReference section */
		276F8D381120CC3F9B11F1EE /* Pods-Ricipidian.release.xcconfig */ = {isa = PBXFileReference; includeInIndex = 1; lastKnownFileType = text.xcconfig; name = "Pods-Ricipidian.release.xcconfig"; path = "Target Support Files/Pods-Ricipidian/Pods-Ricipidian.release.xcconfig"; sourceTree = "<group>"; };
		3700833B66D45FDC155DAD41 /* Pods-RicipidianTests.release.xcconfig */ = {isa = PBXFileReference; includeInIndex = 1; lastKnownFileType = text.xcconfig; name = "Pods-RicipidianTests.release.xcconfig"; path = "Target Support Files/Pods-RicipidianTests/Pods-RicipidianTests.release.xcconfig"; sourceTree = "<group>"; };
		39B22DA1EDDFAE36ECCD28F0 /* Pods-Ricipidian-RicipidianUITests.release.xcconfig */ = {isa = PBXFileReference; includeInIndex = 1; lastKnownFileType = text.xcconfig; name = "Pods-Ricipidian-RicipidianUITests.release.xcconfig"; path = "Target Support Files/Pods-Ricipidian-RicipidianUITests/Pods-Ricipidian-RicipidianUITests.release.xcconfig"; sourceTree = "<group>"; };
		5233A614655B9AD4EABB4F0C /* Pods_Ricipidian.framework */ = {isa = PBXFileReference; explicitFileType = wrapper.framework; includeInIndex = 0; path = Pods_Ricipidian.framework; sourceTree = BUILT_PRODUCTS_DIR; };
		546D2D681A52E23E0B2B3049 /* Pods_RicipidianTests.framework */ = {isa = PBXFileReference; explicitFileType = wrapper.framework; includeInIndex = 0; path = Pods_RicipidianTests.framework; sourceTree = BUILT_PRODUCTS_DIR; };
		8836053426087A6700A047E0 /* BaseTableViewController.swift */ = {isa = PBXFileReference; lastKnownFileType = sourcecode.swift; path = BaseTableViewController.swift; sourceTree = "<group>"; };
		8836053A26087AF000A047E0 /* TableViewCommon.swift */ = {isa = PBXFileReference; lastKnownFileType = sourcecode.swift; path = TableViewCommon.swift; sourceTree = "<group>"; };
		8874902926066F54004D65BA /* UserDefaultHelper.swift */ = {isa = PBXFileReference; lastKnownFileType = sourcecode.swift; path = UserDefaultHelper.swift; sourceTree = "<group>"; };
		88749038260670CD004D65BA /* Coordinator.swift */ = {isa = PBXFileReference; lastKnownFileType = sourcecode.swift; path = Coordinator.swift; sourceTree = "<group>"; };
		8874903E2606727C004D65BA /* IBaseCollectionVM.swift */ = {isa = PBXFileReference; lastKnownFileType = sourcecode.swift; path = IBaseCollectionVM.swift; sourceTree = "<group>"; };
		88749046260672CB004D65BA /* BaseViewModel.swift */ = {isa = PBXFileReference; lastKnownFileType = sourcecode.swift; path = BaseViewModel.swift; sourceTree = "<group>"; };
		8874904B260672F9004D65BA /* SectionViewModel.swift */ = {isa = PBXFileReference; lastKnownFileType = sourcecode.swift; path = SectionViewModel.swift; sourceTree = "<group>"; };
		887490502606731A004D65BA /* BaseCollectionVM.swift */ = {isa = PBXFileReference; lastKnownFileType = sourcecode.swift; path = BaseCollectionVM.swift; sourceTree = "<group>"; };
		887490562606739C004D65BA /* RowViewModel.swift */ = {isa = PBXFileReference; lastKnownFileType = sourcecode.swift; path = RowViewModel.swift; sourceTree = "<group>"; };
		8874905E260673BC004D65BA /* BaseResponse.swift */ = {isa = PBXFileReference; lastKnownFileType = sourcecode.swift; path = BaseResponse.swift; sourceTree = "<group>"; };
		88749063260673E0004D65BA /* BaseRequest.swift */ = {isa = PBXFileReference; lastKnownFileType = sourcecode.swift; path = BaseRequest.swift; sourceTree = "<group>"; };
		88749069260674C3004D65BA /* Logger.swift */ = {isa = PBXFileReference; lastKnownFileType = sourcecode.swift; path = Logger.swift; sourceTree = "<group>"; };
		88749071260675B4004D65BA /* UITableView.swift */ = {isa = PBXFileReference; lastKnownFileType = sourcecode.swift; path = UITableView.swift; sourceTree = "<group>"; };
		88749076260675E8004D65BA /* UICollectionView.swift */ = {isa = PBXFileReference; lastKnownFileType = sourcecode.swift; path = UICollectionView.swift; sourceTree = "<group>"; };
		8874907B26067690004D65BA /* UITextField.swift */ = {isa = PBXFileReference; lastKnownFileType = sourcecode.swift; path = UITextField.swift; sourceTree = "<group>"; };
		8874909526067913004D65BA /* UIButton.swift */ = {isa = PBXFileReference; lastKnownFileType = sourcecode.swift; path = UIButton.swift; sourceTree = "<group>"; };
		8874909A260679B4004D65BA /* UITextView.swift */ = {isa = PBXFileReference; lastKnownFileType = sourcecode.swift; path = UITextView.swift; sourceTree = "<group>"; };
		8874909F260679EE004D65BA /* UISearchBar.swift */ = {isa = PBXFileReference; lastKnownFileType = sourcecode.swift; path = UISearchBar.swift; sourceTree = "<group>"; };
		887490A426067A27004D65BA /* UIViewController.swift */ = {isa = PBXFileReference; lastKnownFileType = sourcecode.swift; path = UIViewController.swift; sourceTree = "<group>"; };
		887490A926067A55004D65BA /* UIView.swift */ = {isa = PBXFileReference; lastKnownFileType = sourcecode.swift; path = UIView.swift; sourceTree = "<group>"; };
		887490AE26067AB7004D65BA /* Bundle.swift */ = {isa = PBXFileReference; lastKnownFileType = sourcecode.swift; path = Bundle.swift; sourceTree = "<group>"; };
		887490B326067B27004D65BA /* RxSwiftExtenstion.swift */ = {isa = PBXFileReference; lastKnownFileType = sourcecode.swift; path = RxSwiftExtenstion.swift; sourceTree = "<group>"; };
		887490B926067C10004D65BA /* CustomTableView.swift */ = {isa = PBXFileReference; lastKnownFileType = sourcecode.swift; path = CustomTableView.swift; sourceTree = "<group>"; };
		887490C126067C4D004D65BA /* CellConfigurable.swift */ = {isa = PBXFileReference; lastKnownFileType = sourcecode.swift; path = CellConfigurable.swift; sourceTree = "<group>"; };
		887490C626067C88004D65BA /* CustomCollectionView.swift */ = {isa = PBXFileReference; lastKnownFileType = sourcecode.swift; path = CustomCollectionView.swift; sourceTree = "<group>"; };
		887490CB26067D37004D65BA /* DatePickerViewController.swift */ = {isa = PBXFileReference; lastKnownFileType = sourcecode.swift; path = DatePickerViewController.swift; sourceTree = "<group>"; };
		887490D026067D85004D65BA /* PopupDialogCustom.swift */ = {isa = PBXFileReference; lastKnownFileType = sourcecode.swift; path = PopupDialogCustom.swift; sourceTree = "<group>"; };
		887490D526067DC4004D65BA /* IPopupDialogView.swift */ = {isa = PBXFileReference; lastKnownFileType = sourcecode.swift; path = IPopupDialogView.swift; sourceTree = "<group>"; };
		887490DA26067E01004D65BA /* UIAlertController.swift */ = {isa = PBXFileReference; lastKnownFileType = sourcecode.swift; path = UIAlertController.swift; sourceTree = "<group>"; };
		887490DF26067E6A004D65BA /* BaseDefine.swift */ = {isa = PBXFileReference; lastKnownFileType = sourcecode.swift; path = BaseDefine.swift; sourceTree = "<group>"; };
		887490ED26067EEC004D65BA /* BaseService.swift */ = {isa = PBXFileReference; lastKnownFileType = sourcecode.swift; path = BaseService.swift; sourceTree = "<group>"; };
		887490F526067F3C004D65BA /* BaseServiceManager.swift */ = {isa = PBXFileReference; lastKnownFileType = sourcecode.swift; path = BaseServiceManager.swift; sourceTree = "<group>"; };
		8894BE85260A532F00BEF8FA /* RecipeListViewController.swift */ = {isa = PBXFileReference; lastKnownFileType = sourcecode.swift; path = RecipeListViewController.swift; sourceTree = "<group>"; };
		8894BE86260A532F00BEF8FA /* RecipeListViewController.xib */ = {isa = PBXFileReference; lastKnownFileType = file.xib; path = RecipeListViewController.xib; sourceTree = "<group>"; };
		88C588BC260AD57A00181C3C /* RecipeListTableViewCell.swift */ = {isa = PBXFileReference; lastKnownFileType = sourcecode.swift; path = RecipeListTableViewCell.swift; sourceTree = "<group>"; };
		88C588BD260AD57A00181C3C /* RecipeListTableViewCell.xib */ = {isa = PBXFileReference; lastKnownFileType = file.xib; path = RecipeListTableViewCell.xib; sourceTree = "<group>"; };
		88CD022326400166006ADCAE /* AddMaterialViewController.swift */ = {isa = PBXFileReference; lastKnownFileType = sourcecode.swift; path = AddMaterialViewController.swift; sourceTree = "<group>"; };
		88CD022426400166006ADCAE /* AddMaterialViewController.xib */ = {isa = PBXFileReference; lastKnownFileType = file.xib; path = AddMaterialViewController.xib; sourceTree = "<group>"; };
		88CD95EC2610E16700FD5CB9 /* CustomTextFieldView.swift */ = {isa = PBXFileReference; lastKnownFileType = sourcecode.swift; path = CustomTextFieldView.swift; sourceTree = "<group>"; };
		88CD95F42610E18700FD5CB9 /* CustomTextAreaView.swift */ = {isa = PBXFileReference; lastKnownFileType = sourcecode.swift; path = CustomTextAreaView.swift; sourceTree = "<group>"; };
		88D17FD5260F4463005C032C /* RecipeGroupListTableViewCell.swift */ = {isa = PBXFileReference; lastKnownFileType = sourcecode.swift; path = RecipeGroupListTableViewCell.swift; sourceTree = "<group>"; };
		88D17FD6260F4463005C032C /* RecipeGroupListTableViewCell.xib */ = {isa = PBXFileReference; lastKnownFileType = file.xib; path = RecipeGroupListTableViewCell.xib; sourceTree = "<group>"; };
		88D17FDC260F45FE005C032C /* RecipeGroupListTableViewCellViewModel.swift */ = {isa = PBXFileReference; lastKnownFileType = sourcecode.swift; path = RecipeGroupListTableViewCellViewModel.swift; sourceTree = "<group>"; };
		88D17FE3260F4AD7005C032C /* Recipe.swift */ = {isa = PBXFileReference; lastKnownFileType = sourcecode.swift; path = Recipe.swift; sourceTree = "<group>"; };
		88D17FEB260F4E6E005C032C /* User.swift */ = {isa = PBXFileReference; lastKnownFileType = sourcecode.swift; path = User.swift; sourceTree = "<group>"; };
		88D17FF5260F53AF005C032C /* AddRecipe1TableViewCell.swift */ = {isa = PBXFileReference; lastKnownFileType = sourcecode.swift; path = AddRecipe1TableViewCell.swift; sourceTree = "<group>"; };
		88D17FF6260F53AF005C032C /* AddRecipe1TableViewCell.xib */ = {isa = PBXFileReference; lastKnownFileType = file.xib; path = AddRecipe1TableViewCell.xib; sourceTree = "<group>"; };
		88D17FFF260F53CA005C032C /* AddRecipe1TableViewCellViewModel.swift */ = {isa = PBXFileReference; lastKnownFileType = sourcecode.swift; path = AddRecipe1TableViewCellViewModel.swift; sourceTree = "<group>"; };
		88D18009260F585F005C032C /* AddRecipeViewModel.swift */ = {isa = PBXFileReference; lastKnownFileType = sourcecode.swift; path = AddRecipeViewModel.swift; sourceTree = "<group>"; };
		88D18013260F587B005C032C /* AddRecipeCoordinator.swift */ = {isa = PBXFileReference; lastKnownFileType = sourcecode.swift; path = AddRecipeCoordinator.swift; sourceTree = "<group>"; };
		88D1801B260F598C005C032C /* AddRecipeTableView.swift */ = {isa = PBXFileReference; lastKnownFileType = sourcecode.swift; path = AddRecipeTableView.swift; sourceTree = "<group>"; };
		88D18024260F5B06005C032C /* AddRecipeViewModelProtocol.swift */ = {isa = PBXFileReference; lastKnownFileType = sourcecode.swift; path = AddRecipeViewModelProtocol.swift; sourceTree = "<group>"; };
		88D18029260F5B97005C032C /* AddRecipeCoordinatorProtocol.swift */ = {isa = PBXFileReference; lastKnownFileType = sourcecode.swift; path = AddRecipeCoordinatorProtocol.swift; sourceTree = "<group>"; };
		88D49A76264016230005D45E /* AddMaterialTableViewCell.swift */ = {isa = PBXFileReference; lastKnownFileType = sourcecode.swift; path = AddMaterialTableViewCell.swift; sourceTree = "<group>"; };
		88D49A77264016230005D45E /* AddMaterialTableViewCell.xib */ = {isa = PBXFileReference; lastKnownFileType = file.xib; path = AddMaterialTableViewCell.xib; sourceTree = "<group>"; };
		88D49A88264019820005D45E /* AddMaterialButtonTableViewCell.swift */ = {isa = PBXFileReference; lastKnownFileType = sourcecode.swift; path = AddMaterialButtonTableViewCell.swift; sourceTree = "<group>"; };
		88D49A89264019820005D45E /* AddMaterialButtonTableViewCell.xib */ = {isa = PBXFileReference; lastKnownFileType = file.xib; path = AddMaterialButtonTableViewCell.xib; sourceTree = "<group>"; };
		88D49A9A26401B2B0005D45E /* AddMaterialTableView.swift */ = {isa = PBXFileReference; lastKnownFileType = sourcecode.swift; path = AddMaterialTableView.swift; sourceTree = "<group>"; };
		88D49A9F26401B800005D45E /* AddMaterialButtonTableViewCellViewModel.swift */ = {isa = PBXFileReference; lastKnownFileType = sourcecode.swift; path = AddMaterialButtonTableViewCellViewModel.swift; sourceTree = "<group>"; };
		88D49AA426401BC00005D45E /* AddMaterialTableViewCellViewModel.swift */ = {isa = PBXFileReference; lastKnownFileType = sourcecode.swift; path = AddMaterialTableViewCellViewModel.swift; sourceTree = "<group>"; };
		88D49AA926401C8B0005D45E /* AddMaterialViewModel.swift */ = {isa = PBXFileReference; lastKnownFileType = sourcecode.swift; path = AddMaterialViewModel.swift; sourceTree = "<group>"; };
		88D49AAE26401C9A0005D45E /* AddMaterialCoordinator.swift */ = {isa = PBXFileReference; lastKnownFileType = sourcecode.swift; path = AddMaterialCoordinator.swift; sourceTree = "<group>"; };
		88D49AB326401D660005D45E /* AddMaterialViewModelProtocol.swift */ = {isa = PBXFileReference; lastKnownFileType = sourcecode.swift; path = AddMaterialViewModelProtocol.swift; sourceTree = "<group>"; };
		88D49AB826401DCD0005D45E /* AddMaterialCoordinatorProtocol.swift */ = {isa = PBXFileReference; lastKnownFileType = sourcecode.swift; path = AddMaterialCoordinatorProtocol.swift; sourceTree = "<group>"; };
		88D49AD42640345D0005D45E /* AlertMessage.swift */ = {isa = PBXFileReference; lastKnownFileType = sourcecode.swift; path = AlertMessage.swift; sourceTree = "<group>"; };
		88D5BECE260F98AB0074C1EF /* AddRecipeViewController.swift */ = {isa = PBXFileReference; lastKnownFileType = sourcecode.swift; path = AddRecipeViewController.swift; sourceTree = "<group>"; };
		88D5BECF260F98AB0074C1EF /* AddRecipeViewController.xib */ = {isa = PBXFileReference; lastKnownFileType = file.xib; path = AddRecipeViewController.xib; sourceTree = "<group>"; };
		88D76C9F26084C3E007A55DB /* NetworkState.swift */ = {isa = PBXFileReference; lastKnownFileType = sourcecode.swift; path = NetworkState.swift; sourceTree = "<group>"; };
		88D76CA426084C7C007A55DB /* NotifyName.swift */ = {isa = PBXFileReference; lastKnownFileType = sourcecode.swift; path = NotifyName.swift; sourceTree = "<group>"; };
		88D76CAA26084DC0007A55DB /* BaseTableViewCell.swift */ = {isa = PBXFileReference; lastKnownFileType = sourcecode.swift; path = BaseTableViewCell.swift; sourceTree = "<group>"; };
		88D76CB226084E3B007A55DB /* BaseViewController.swift */ = {isa = PBXFileReference; lastKnownFileType = sourcecode.swift; path = BaseViewController.swift; sourceTree = "<group>"; };
		88E592AB2606669F00803C82 /* Ricipidian.app */ = {isa = PBXFileReference; explicitFileType = wrapper.application; includeInIndex = 0; path = Ricipidian.app; sourceTree = BUILT_PRODUCTS_DIR; };
		88E592AE2606669F00803C82 /* AppDelegate.swift */ = {isa = PBXFileReference; lastKnownFileType = sourcecode.swift; path = AppDelegate.swift; sourceTree = "<group>"; };
		88E592B02606669F00803C82 /* SceneDelegate.swift */ = {isa = PBXFileReference; lastKnownFileType = sourcecode.swift; path = SceneDelegate.swift; sourceTree = "<group>"; };
		88E592B22606669F00803C82 /* ViewController.swift */ = {isa = PBXFileReference; lastKnownFileType = sourcecode.swift; path = ViewController.swift; sourceTree = "<group>"; };
		88E592B52606669F00803C82 /* Base */ = {isa = PBXFileReference; lastKnownFileType = file.storyboard; name = Base; path = Base.lproj/Main.storyboard; sourceTree = "<group>"; };
		88E592B7260666A000803C82 /* Assets.xcassets */ = {isa = PBXFileReference; lastKnownFileType = folder.assetcatalog; path = Assets.xcassets; sourceTree = "<group>"; };
		88E592BA260666A000803C82 /* Base */ = {isa = PBXFileReference; lastKnownFileType = file.storyboard; name = Base; path = Base.lproj/LaunchScreen.storyboard; sourceTree = "<group>"; };
		88E592BC260666A000803C82 /* Info.plist */ = {isa = PBXFileReference; lastKnownFileType = text.plist.xml; path = Info.plist; sourceTree = "<group>"; };
		88E592C1260666A000803C82 /* RicipidianTests.xctest */ = {isa = PBXFileReference; explicitFileType = wrapper.cfbundle; includeInIndex = 0; path = RicipidianTests.xctest; sourceTree = BUILT_PRODUCTS_DIR; };
		88E592C5260666A000803C82 /* RicipidianTests.swift */ = {isa = PBXFileReference; lastKnownFileType = sourcecode.swift; path = RicipidianTests.swift; sourceTree = "<group>"; };
		88E592C7260666A000803C82 /* Info.plist */ = {isa = PBXFileReference; lastKnownFileType = text.plist.xml; path = Info.plist; sourceTree = "<group>"; };
		88E592CC260666A000803C82 /* RicipidianUITests.xctest */ = {isa = PBXFileReference; explicitFileType = wrapper.cfbundle; includeInIndex = 0; path = RicipidianUITests.xctest; sourceTree = BUILT_PRODUCTS_DIR; };
		88E592D0260666A000803C82 /* RicipidianUITests.swift */ = {isa = PBXFileReference; lastKnownFileType = sourcecode.swift; path = RicipidianUITests.swift; sourceTree = "<group>"; };
		88E592D2260666A000803C82 /* Info.plist */ = {isa = PBXFileReference; lastKnownFileType = text.plist.xml; path = Info.plist; sourceTree = "<group>"; };
		88F461CE260C722400A4397E /* RecipeListTableViewCellViewModel.swift */ = {isa = PBXFileReference; lastKnownFileType = sourcecode.swift; path = RecipeListTableViewCellViewModel.swift; sourceTree = "<group>"; };
		88F461D3260C73F400A4397E /* RecipeListViewModel.swift */ = {isa = PBXFileReference; lastKnownFileType = sourcecode.swift; path = RecipeListViewModel.swift; sourceTree = "<group>"; };
		88F461D8260C755D00A4397E /* RecipeListCoordinatorProtocol.swift */ = {isa = PBXFileReference; lastKnownFileType = sourcecode.swift; path = RecipeListCoordinatorProtocol.swift; sourceTree = "<group>"; };
		88F461DD260C759100A4397E /* RecipeListViewModelProtocol.swift */ = {isa = PBXFileReference; lastKnownFileType = sourcecode.swift; path = RecipeListViewModelProtocol.swift; sourceTree = "<group>"; };
		88F461E3260C75F700A4397E /* RecipeListTableView.swift */ = {isa = PBXFileReference; lastKnownFileType = sourcecode.swift; path = RecipeListTableView.swift; sourceTree = "<group>"; };
		88FF004F2609E677003FB601 /* BaseNavigationController.swift */ = {isa = PBXFileReference; lastKnownFileType = sourcecode.swift; path = BaseNavigationController.swift; sourceTree = "<group>"; };
		88FF00552609E744003FB601 /* CustomESTabBarItemContentView.swift */ = {isa = PBXFileReference; lastKnownFileType = sourcecode.swift; path = CustomESTabBarItemContentView.swift; sourceTree = "<group>"; };
		88FF005E2609E7EC003FB601 /* AppCoordinator.swift */ = {isa = PBXFileReference; lastKnownFileType = sourcecode.swift; path = AppCoordinator.swift; sourceTree = "<group>"; };
		88FF006B2609EA32003FB601 /* RecipeListCoordinator.swift */ = {isa = PBXFileReference; lastKnownFileType = sourcecode.swift; path = RecipeListCoordinator.swift; sourceTree = "<group>"; };
		88FF00782609EE61003FB601 /* CustomTabbarItemView.swift */ = {isa = PBXFileReference; lastKnownFileType = sourcecode.swift; path = CustomTabbarItemView.swift; sourceTree = "<group>"; };
		88FFFFAB2609D118003FB601 /* MainTabbarViewController.swift */ = {isa = PBXFileReference; lastKnownFileType = sourcecode.swift; path = MainTabbarViewController.swift; sourceTree = "<group>"; };
		88FFFFE22609D620003FB601 /* MainTabbarCoordinator.swift */ = {isa = PBXFileReference; lastKnownFileType = sourcecode.swift; path = MainTabbarCoordinator.swift; sourceTree = "<group>"; };
		88FFFFE72609D671003FB601 /* GlobalData.swift */ = {isa = PBXFileReference; lastKnownFileType = sourcecode.swift; path = GlobalData.swift; sourceTree = "<group>"; };
		A5FE2EBF44FE74FE0186849A /* Pods-Ricipidian-RicipidianUITests.debug.xcconfig */ = {isa = PBXFileReference; includeInIndex = 1; lastKnownFileType = text.xcconfig; name = "Pods-Ricipidian-RicipidianUITests.debug.xcconfig"; path = "Target Support Files/Pods-Ricipidian-RicipidianUITests/Pods-Ricipidian-RicipidianUITests.debug.xcconfig"; sourceTree = "<group>"; };
		BF3E7D1FDA2DE3F346E9EDDB /* Pods-Ricipidian.debug.xcconfig */ = {isa = PBXFileReference; includeInIndex = 1; lastKnownFileType = text.xcconfig; name = "Pods-Ricipidian.debug.xcconfig"; path = "Target Support Files/Pods-Ricipidian/Pods-Ricipidian.debug.xcconfig"; sourceTree = "<group>"; };
		E02B7D42700FCB1B042243CF /* Pods_Ricipidian_RicipidianUITests.framework */ = {isa = PBXFileReference; explicitFileType = wrapper.framework; includeInIndex = 0; path = Pods_Ricipidian_RicipidianUITests.framework; sourceTree = BUILT_PRODUCTS_DIR; };
		E50D4DD86309993D884560C0 /* Pods-RicipidianTests.debug.xcconfig */ = {isa = PBXFileReference; includeInIndex = 1; lastKnownFileType = text.xcconfig; name = "Pods-RicipidianTests.debug.xcconfig"; path = "Target Support Files/Pods-RicipidianTests/Pods-RicipidianTests.debug.xcconfig"; sourceTree = "<group>"; };
/* End PBXFileReference section */

/* Begin PBXFrameworksBuildPhase section */
		88E592A82606669F00803C82 /* Frameworks */ = {
			isa = PBXFrameworksBuildPhase;
			buildActionMask = 2147483647;
			files = (
				7F9E5990EE324F74140B025F /* Pods_Ricipidian.framework in Frameworks */,
			);
			runOnlyForDeploymentPostprocessing = 0;
		};
		88E592BE260666A000803C82 /* Frameworks */ = {
			isa = PBXFrameworksBuildPhase;
			buildActionMask = 2147483647;
			files = (
				A58773A988358C313CD29EFB /* Pods_RicipidianTests.framework in Frameworks */,
			);
			runOnlyForDeploymentPostprocessing = 0;
		};
		88E592C9260666A000803C82 /* Frameworks */ = {
			isa = PBXFrameworksBuildPhase;
			buildActionMask = 2147483647;
			files = (
				ABCB70241832EEC0A074D1A4 /* Pods_Ricipidian_RicipidianUITests.framework in Frameworks */,
			);
			runOnlyForDeploymentPostprocessing = 0;
		};
/* End PBXFrameworksBuildPhase section */

/* Begin PBXGroup section */
		8801C18C261326CC00755AA3 /* AddRecipeTableView */ = {
			isa = PBXGroup;
			children = (
				88D1801B260F598C005C032C /* AddRecipeTableView.swift */,
			);
			path = AddRecipeTableView;
			sourceTree = "<group>";
		};
		8836053926087AD000A047E0 /* CoreLayer */ = {
			isa = PBXGroup;
			children = (
				88FF00542609E72A003FB601 /* Custom */,
				8836053A26087AF000A047E0 /* TableViewCommon.swift */,
				88FFFFE72609D671003FB601 /* GlobalData.swift */,
			);
			path = CoreLayer;
			sourceTree = "<group>";
		};
		8856A211260DE94B005AD9D9 /* RecipeGroupList */ = {
			isa = PBXGroup;
			children = (
				88D17FD3260F43E8005C032C /* Coordinator */,
				8856A213260DE98A005AD9D9 /* ViewModel */,
				8856A212260DE983005AD9D9 /* View */,
			);
			path = RecipeGroupList;
			sourceTree = "<group>";
		};
		8856A212260DE983005AD9D9 /* View */ = {
			isa = PBXGroup;
			children = (
				88D17FD4260F4443005C032C /* CustomCell */,
			);
			path = View;
			sourceTree = "<group>";
		};
		8856A213260DE98A005AD9D9 /* ViewModel */ = {
			isa = PBXGroup;
			children = (
			);
			path = ViewModel;
			sourceTree = "<group>";
		};
		8874902426066EED004D65BA /* BaseMVVMc */ = {
			isa = PBXGroup;
			children = (
				88D76CA926084D57007A55DB /* View */,
				887490EC26067EDA004D65BA /* Service */,
				887490B826067C02004D65BA /* Custom */,
				88749068260674AE004D65BA /* Extension */,
				8874905526067383004D65BA /* Model */,
				8874903D2606726A004D65BA /* ViewModel */,
				88749037260670B7004D65BA /* Coordinator */,
				8874902526066F16004D65BA /* Common */,
			);
			path = BaseMVVMc;
			sourceTree = "<group>";
		};
		8874902526066F16004D65BA /* Common */ = {
			isa = PBXGroup;
			children = (
				8874902926066F54004D65BA /* UserDefaultHelper.swift */,
				887490DF26067E6A004D65BA /* BaseDefine.swift */,
				88D76C9F26084C3E007A55DB /* NetworkState.swift */,
				88D76CA426084C7C007A55DB /* NotifyName.swift */,
			);
			path = Common;
			sourceTree = "<group>";
		};
		88749037260670B7004D65BA /* Coordinator */ = {
			isa = PBXGroup;
			children = (
				88749038260670CD004D65BA /* Coordinator.swift */,
			);
			path = Coordinator;
			sourceTree = "<group>";
		};
		8874903D2606726A004D65BA /* ViewModel */ = {
			isa = PBXGroup;
			children = (
				8874903E2606727C004D65BA /* IBaseCollectionVM.swift */,
				88749046260672CB004D65BA /* BaseViewModel.swift */,
				8874904B260672F9004D65BA /* SectionViewModel.swift */,
				887490502606731A004D65BA /* BaseCollectionVM.swift */,
			);
			path = ViewModel;
			sourceTree = "<group>";
		};
		8874905526067383004D65BA /* Model */ = {
			isa = PBXGroup;
			children = (
				887490562606739C004D65BA /* RowViewModel.swift */,
				8874905E260673BC004D65BA /* BaseResponse.swift */,
				88749063260673E0004D65BA /* BaseRequest.swift */,
			);
			path = Model;
			sourceTree = "<group>";
		};
		88749068260674AE004D65BA /* Extension */ = {
			isa = PBXGroup;
			children = (
				88749069260674C3004D65BA /* Logger.swift */,
				88749071260675B4004D65BA /* UITableView.swift */,
				88749076260675E8004D65BA /* UICollectionView.swift */,
				8874907B26067690004D65BA /* UITextField.swift */,
				8874909526067913004D65BA /* UIButton.swift */,
				8874909A260679B4004D65BA /* UITextView.swift */,
				8874909F260679EE004D65BA /* UISearchBar.swift */,
				887490A426067A27004D65BA /* UIViewController.swift */,
				887490A926067A55004D65BA /* UIView.swift */,
				887490AE26067AB7004D65BA /* Bundle.swift */,
				887490B326067B27004D65BA /* RxSwiftExtenstion.swift */,
			);
			path = Extension;
			sourceTree = "<group>";
		};
		887490B826067C02004D65BA /* Custom */ = {
			isa = PBXGroup;
			children = (
				887490B926067C10004D65BA /* CustomTableView.swift */,
				887490C126067C4D004D65BA /* CellConfigurable.swift */,
				887490C626067C88004D65BA /* CustomCollectionView.swift */,
				887490CB26067D37004D65BA /* DatePickerViewController.swift */,
				887490D026067D85004D65BA /* PopupDialogCustom.swift */,
				887490D526067DC4004D65BA /* IPopupDialogView.swift */,
				887490DA26067E01004D65BA /* UIAlertController.swift */,
			);
			path = Custom;
			sourceTree = "<group>";
		};
		887490EC26067EDA004D65BA /* Service */ = {
			isa = PBXGroup;
			children = (
				887490ED26067EEC004D65BA /* BaseService.swift */,
				887490F526067F3C004D65BA /* BaseServiceManager.swift */,
			);
			path = Service;
			sourceTree = "<group>";
		};
		88CD021F264000F2006ADCAE /* AddMaterial */ = {
			isa = PBXGroup;
			children = (
				88CD022226400122006ADCAE /* Coordinator */,
				88CD02212640011C006ADCAE /* ViewModel */,
				88CD022026400118006ADCAE /* View */,
			);
			path = AddMaterial;
			sourceTree = "<group>";
		};
		88CD022026400118006ADCAE /* View */ = {
			isa = PBXGroup;
			children = (
				88D49A8F26401AC60005D45E /* CustomTableView */,
				88D49A75264015F80005D45E /* CustomCell */,
				88CD022326400166006ADCAE /* AddMaterialViewController.swift */,
				88CD022426400166006ADCAE /* AddMaterialViewController.xib */,
			);
			path = View;
			sourceTree = "<group>";
		};
		88CD02212640011C006ADCAE /* ViewModel */ = {
			isa = PBXGroup;
			children = (
				88D49AA926401C8B0005D45E /* AddMaterialViewModel.swift */,
				88D49AB326401D660005D45E /* AddMaterialViewModelProtocol.swift */,
			);
			path = ViewModel;
			sourceTree = "<group>";
		};
		88CD022226400122006ADCAE /* Coordinator */ = {
			isa = PBXGroup;
			children = (
				88D49AAE26401C9A0005D45E /* AddMaterialCoordinator.swift */,
				88D49AB826401DCD0005D45E /* AddMaterialCoordinatorProtocol.swift */,
			);
			path = Coordinator;
			sourceTree = "<group>";
		};
		88D17FD3260F43E8005C032C /* Coordinator */ = {
			isa = PBXGroup;
			children = (
			);
			path = Coordinator;
			sourceTree = "<group>";
		};
		88D17FD4260F4443005C032C /* CustomCell */ = {
			isa = PBXGroup;
			children = (
				88D17FD5260F4463005C032C /* RecipeGroupListTableViewCell.swift */,
				88D17FD6260F4463005C032C /* RecipeGroupListTableViewCell.xib */,
				88D17FDC260F45FE005C032C /* RecipeGroupListTableViewCellViewModel.swift */,
			);
			path = CustomCell;
			sourceTree = "<group>";
		};
		88D17FE1260F4A94005C032C /* BussinessLogic */ = {
			isa = PBXGroup;
			children = (
				88D17FE2260F4ABA005C032C /* Model */,
			);
			path = BussinessLogic;
			sourceTree = "<group>";
		};
		88D17FE2260F4ABA005C032C /* Model */ = {
			isa = PBXGroup;
			children = (
				88D17FE3260F4AD7005C032C /* Recipe.swift */,
				88D17FEB260F4E6E005C032C /* User.swift */,
			);
			path = Model;
			sourceTree = "<group>";
		};
		88D17FF0260F5089005C032C /* AddRecipe */ = {
			isa = PBXGroup;
			children = (
				88D17FF3260F50BA005C032C /* Coordinator */,
				88D17FF2260F50B4005C032C /* ViewModel */,
				88D17FF1260F50AF005C032C /* View */,
			);
			path = AddRecipe;
			sourceTree = "<group>";
		};
		88D17FF1260F50AF005C032C /* View */ = {
			isa = PBXGroup;
			children = (
				88D18020260F599D005C032C /* CustomTableView */,
				88D17FF4260F50C1005C032C /* CustomCell */,
				88D5BECE260F98AB0074C1EF /* AddRecipeViewController.swift */,
				88D5BECF260F98AB0074C1EF /* AddRecipeViewController.xib */,
			);
			path = View;
			sourceTree = "<group>";
		};
		88D17FF2260F50B4005C032C /* ViewModel */ = {
			isa = PBXGroup;
			children = (
				88D18009260F585F005C032C /* AddRecipeViewModel.swift */,
				88D18024260F5B06005C032C /* AddRecipeViewModelProtocol.swift */,
			);
			path = ViewModel;
			sourceTree = "<group>";
		};
		88D17FF3260F50BA005C032C /* Coordinator */ = {
			isa = PBXGroup;
			children = (
				88D18013260F587B005C032C /* AddRecipeCoordinator.swift */,
				88D18029260F5B97005C032C /* AddRecipeCoordinatorProtocol.swift */,
			);
			path = Coordinator;
			sourceTree = "<group>";
		};
		88D17FF4260F50C1005C032C /* CustomCell */ = {
			isa = PBXGroup;
			children = (
				88D5BEBC260F8BA50074C1EF /* AddRecipe1TableViewCell */,
			);
			path = CustomCell;
			sourceTree = "<group>";
		};
		88D18020260F599D005C032C /* CustomTableView */ = {
			isa = PBXGroup;
			children = (
				8801C18C261326CC00755AA3 /* AddRecipeTableView */,
			);
			path = CustomTableView;
			sourceTree = "<group>";
		};
		88D49A75264015F80005D45E /* CustomCell */ = {
			isa = PBXGroup;
			children = (
				88D49A9126401AF60005D45E /* AddMaterialButton */,
				88D49A9026401AE50005D45E /* AddMaterial */,
			);
			path = CustomCell;
			sourceTree = "<group>";
		};
		88D49A8F26401AC60005D45E /* CustomTableView */ = {
			isa = PBXGroup;
			children = (
				88D49A9A26401B2B0005D45E /* AddMaterialTableView.swift */,
			);
			path = CustomTableView;
			sourceTree = "<group>";
		};
		88D49A9026401AE50005D45E /* AddMaterial */ = {
			isa = PBXGroup;
			children = (
				88D49A77264016230005D45E /* AddMaterialTableViewCell.xib */,
				88D49A76264016230005D45E /* AddMaterialTableViewCell.swift */,
				88D49AA426401BC00005D45E /* AddMaterialTableViewCellViewModel.swift */,
			);
			path = AddMaterial;
			sourceTree = "<group>";
		};
		88D49A9126401AF60005D45E /* AddMaterialButton */ = {
			isa = PBXGroup;
			children = (
				88D49A89264019820005D45E /* AddMaterialButtonTableViewCell.xib */,
				88D49A88264019820005D45E /* AddMaterialButtonTableViewCell.swift */,
				88D49A9F26401B800005D45E /* AddMaterialButtonTableViewCellViewModel.swift */,
			);
			path = AddMaterialButton;
			sourceTree = "<group>";
		};
		88D5BEBC260F8BA50074C1EF /* AddRecipe1TableViewCell */ = {
			isa = PBXGroup;
			children = (
				88D17FF5260F53AF005C032C /* AddRecipe1TableViewCell.swift */,
				88D17FF6260F53AF005C032C /* AddRecipe1TableViewCell.xib */,
				88D17FFF260F53CA005C032C /* AddRecipe1TableViewCellViewModel.swift */,
			);
			path = AddRecipe1TableViewCell;
			sourceTree = "<group>";
		};
		88D76CA926084D57007A55DB /* View */ = {
			isa = PBXGroup;
			children = (
				88D76CAA26084DC0007A55DB /* BaseTableViewCell.swift */,
				88D76CB226084E3B007A55DB /* BaseViewController.swift */,
				8836053426087A6700A047E0 /* BaseTableViewController.swift */,
				88FF004F2609E677003FB601 /* BaseNavigationController.swift */,
			);
			path = View;
			sourceTree = "<group>";
		};
		88E592A22606669F00803C82 = {
			isa = PBXGroup;
			children = (
				88E592AD2606669F00803C82 /* Ricipidian */,
				88E592C4260666A000803C82 /* RicipidianTests */,
				88E592CF260666A000803C82 /* RicipidianUITests */,
				88E592AC2606669F00803C82 /* Products */,
				CAC5069449416E8039FAA3E2 /* Pods */,
				9E696F06B8894F7782C27168 /* Frameworks */,
			);
			sourceTree = "<group>";
		};
		88E592AC2606669F00803C82 /* Products */ = {
			isa = PBXGroup;
			children = (
				88E592AB2606669F00803C82 /* Ricipidian.app */,
				88E592C1260666A000803C82 /* RicipidianTests.xctest */,
				88E592CC260666A000803C82 /* RicipidianUITests.xctest */,
			);
			name = Products;
			sourceTree = "<group>";
		};
		88E592AD2606669F00803C82 /* Ricipidian */ = {
			isa = PBXGroup;
			children = (
				88D17FE1260F4A94005C032C /* BussinessLogic */,
				88FF005D2609E7DB003FB601 /* Application */,
				8836053926087AD000A047E0 /* CoreLayer */,
				8874902426066EED004D65BA /* BaseMVVMc */,
				88FFFFA62609D09A003FB601 /* Module */,
				88E592B02606669F00803C82 /* SceneDelegate.swift */,
				88E592B22606669F00803C82 /* ViewController.swift */,
				88E592B42606669F00803C82 /* Main.storyboard */,
				88E592B7260666A000803C82 /* Assets.xcassets */,
				88E592B9260666A000803C82 /* LaunchScreen.storyboard */,
				88E592BC260666A000803C82 /* Info.plist */,
			);
			path = Ricipidian;
			sourceTree = "<group>";
		};
		88E592C4260666A000803C82 /* RicipidianTests */ = {
			isa = PBXGroup;
			children = (
				88E592C5260666A000803C82 /* RicipidianTests.swift */,
				88E592C7260666A000803C82 /* Info.plist */,
			);
			path = RicipidianTests;
			sourceTree = "<group>";
		};
		88E592CF260666A000803C82 /* RicipidianUITests */ = {
			isa = PBXGroup;
			children = (
				88E592D0260666A000803C82 /* RicipidianUITests.swift */,
				88E592D2260666A000803C82 /* Info.plist */,
			);
			path = RicipidianUITests;
			sourceTree = "<group>";
		};
		88F461E2260C75E400A4397E /* CustomTableView */ = {
			isa = PBXGroup;
			children = (
				88F461E3260C75F700A4397E /* RecipeListTableView.swift */,
			);
			path = CustomTableView;
			sourceTree = "<group>";
		};
		88FF00542609E72A003FB601 /* Custom */ = {
			isa = PBXGroup;
			children = (
				88FF00552609E744003FB601 /* CustomESTabBarItemContentView.swift */,
				88FF00782609EE61003FB601 /* CustomTabbarItemView.swift */,
				88CD95EC2610E16700FD5CB9 /* CustomTextFieldView.swift */,
				88CD95F42610E18700FD5CB9 /* CustomTextAreaView.swift */,
				88D49AD42640345D0005D45E /* AlertMessage.swift */,
			);
			path = Custom;
			sourceTree = "<group>";
		};
		88FF005D2609E7DB003FB601 /* Application */ = {
			isa = PBXGroup;
			children = (
				88E592AE2606669F00803C82 /* AppDelegate.swift */,
				88FF005E2609E7EC003FB601 /* AppCoordinator.swift */,
			);
			path = Application;
			sourceTree = "<group>";
		};
		88FF00662609E955003FB601 /* RecipeList */ = {
			isa = PBXGroup;
			children = (
				88FF00692609E970003FB601 /* Coordinator */,
				88FF00682609E965003FB601 /* ViewModel */,
				88FF00672609E961003FB601 /* View */,
			);
			path = RecipeList;
			sourceTree = "<group>";
		};
		88FF00672609E961003FB601 /* View */ = {
			isa = PBXGroup;
			children = (
				88F461E2260C75E400A4397E /* CustomTableView */,
				88FF006A2609E977003FB601 /* CustomCell */,
				8894BE85260A532F00BEF8FA /* RecipeListViewController.swift */,
				8894BE86260A532F00BEF8FA /* RecipeListViewController.xib */,
			);
			path = View;
			sourceTree = "<group>";
		};
		88FF00682609E965003FB601 /* ViewModel */ = {
			isa = PBXGroup;
			children = (
				88F461D3260C73F400A4397E /* RecipeListViewModel.swift */,
				88F461DD260C759100A4397E /* RecipeListViewModelProtocol.swift */,
			);
			path = ViewModel;
			sourceTree = "<group>";
		};
		88FF00692609E970003FB601 /* Coordinator */ = {
			isa = PBXGroup;
			children = (
				88FF006B2609EA32003FB601 /* RecipeListCoordinator.swift */,
				88F461D8260C755D00A4397E /* RecipeListCoordinatorProtocol.swift */,
			);
			path = Coordinator;
			sourceTree = "<group>";
		};
		88FF006A2609E977003FB601 /* CustomCell */ = {
			isa = PBXGroup;
			children = (
				88C588BC260AD57A00181C3C /* RecipeListTableViewCell.swift */,
				88C588BD260AD57A00181C3C /* RecipeListTableViewCell.xib */,
				88F461CE260C722400A4397E /* RecipeListTableViewCellViewModel.swift */,
			);
			path = CustomCell;
			sourceTree = "<group>";
		};
		88FFFFA62609D09A003FB601 /* Module */ = {
			isa = PBXGroup;
			children = (
				88CD021F264000F2006ADCAE /* AddMaterial */,
				88D17FF0260F5089005C032C /* AddRecipe */,
				8856A211260DE94B005AD9D9 /* RecipeGroupList */,
				88FF00662609E955003FB601 /* RecipeList */,
				88FFFFA72609D0AB003FB601 /* MainTabbar */,
			);
			path = Module;
			sourceTree = "<group>";
		};
		88FFFFA72609D0AB003FB601 /* MainTabbar */ = {
			isa = PBXGroup;
			children = (
				88FFFFAA2609D0C4003FB601 /* Coordinator */,
				88FFFFA82609D0B9003FB601 /* View */,
			);
			path = MainTabbar;
			sourceTree = "<group>";
		};
		88FFFFA82609D0B9003FB601 /* View */ = {
			isa = PBXGroup;
			children = (
				88FFFFAB2609D118003FB601 /* MainTabbarViewController.swift */,
			);
			path = View;
			sourceTree = "<group>";
		};
		88FFFFAA2609D0C4003FB601 /* Coordinator */ = {
			isa = PBXGroup;
			children = (
				88FFFFE22609D620003FB601 /* MainTabbarCoordinator.swift */,
			);
			name = Coordinator;
			path = "Coordinatỏ";
			sourceTree = "<group>";
		};
		9E696F06B8894F7782C27168 /* Frameworks */ = {
			isa = PBXGroup;
			children = (
				5233A614655B9AD4EABB4F0C /* Pods_Ricipidian.framework */,
				E02B7D42700FCB1B042243CF /* Pods_Ricipidian_RicipidianUITests.framework */,
				546D2D681A52E23E0B2B3049 /* Pods_RicipidianTests.framework */,
			);
			name = Frameworks;
			sourceTree = "<group>";
		};
		CAC5069449416E8039FAA3E2 /* Pods */ = {
			isa = PBXGroup;
			children = (
				BF3E7D1FDA2DE3F346E9EDDB /* Pods-Ricipidian.debug.xcconfig */,
				276F8D381120CC3F9B11F1EE /* Pods-Ricipidian.release.xcconfig */,
				A5FE2EBF44FE74FE0186849A /* Pods-Ricipidian-RicipidianUITests.debug.xcconfig */,
				39B22DA1EDDFAE36ECCD28F0 /* Pods-Ricipidian-RicipidianUITests.release.xcconfig */,
				E50D4DD86309993D884560C0 /* Pods-RicipidianTests.debug.xcconfig */,
				3700833B66D45FDC155DAD41 /* Pods-RicipidianTests.release.xcconfig */,
			);
			path = Pods;
			sourceTree = "<group>";
		};
/* End PBXGroup section */

/* Begin PBXNativeTarget section */
		88E592AA2606669F00803C82 /* Ricipidian */ = {
			isa = PBXNativeTarget;
			buildConfigurationList = 88E592D5260666A000803C82 /* Build configuration list for PBXNativeTarget "Ricipidian" */;
			buildPhases = (
				3DCA5236D65B289B3005180C /* [CP] Check Pods Manifest.lock */,
				88E592A72606669F00803C82 /* Sources */,
				88E592A82606669F00803C82 /* Frameworks */,
				88E592A92606669F00803C82 /* Resources */,
				D0FAA26B13E84686E43419FC /* [CP] Embed Pods Frameworks */,
			);
			buildRules = (
			);
			dependencies = (
			);
			name = Ricipidian;
			productName = Ricipidian;
			productReference = 88E592AB2606669F00803C82 /* Ricipidian.app */;
			productType = "com.apple.product-type.application";
		};
		88E592C0260666A000803C82 /* RicipidianTests */ = {
			isa = PBXNativeTarget;
			buildConfigurationList = 88E592D8260666A000803C82 /* Build configuration list for PBXNativeTarget "RicipidianTests" */;
			buildPhases = (
				58D410CF7E8CC63289ADB35B /* [CP] Check Pods Manifest.lock */,
				88E592BD260666A000803C82 /* Sources */,
				88E592BE260666A000803C82 /* Frameworks */,
				88E592BF260666A000803C82 /* Resources */,
			);
			buildRules = (
			);
			dependencies = (
				88E592C3260666A000803C82 /* PBXTargetDependency */,
			);
			name = RicipidianTests;
			productName = RicipidianTests;
			productReference = 88E592C1260666A000803C82 /* RicipidianTests.xctest */;
			productType = "com.apple.product-type.bundle.unit-test";
		};
		88E592CB260666A000803C82 /* RicipidianUITests */ = {
			isa = PBXNativeTarget;
			buildConfigurationList = 88E592DB260666A000803C82 /* Build configuration list for PBXNativeTarget "RicipidianUITests" */;
			buildPhases = (
				04923B3268A70655CE763FA3 /* [CP] Check Pods Manifest.lock */,
				88E592C8260666A000803C82 /* Sources */,
				88E592C9260666A000803C82 /* Frameworks */,
				88E592CA260666A000803C82 /* Resources */,
				6DCD2144B057A7571CFFF15B /* [CP] Embed Pods Frameworks */,
			);
			buildRules = (
			);
			dependencies = (
				88E592CE260666A000803C82 /* PBXTargetDependency */,
			);
			name = RicipidianUITests;
			productName = RicipidianUITests;
			productReference = 88E592CC260666A000803C82 /* RicipidianUITests.xctest */;
			productType = "com.apple.product-type.bundle.ui-testing";
		};
/* End PBXNativeTarget section */

/* Begin PBXProject section */
		88E592A32606669F00803C82 /* Project object */ = {
			isa = PBXProject;
			attributes = {
				LastSwiftUpdateCheck = 1240;
				LastUpgradeCheck = 1240;
				TargetAttributes = {
					88E592AA2606669F00803C82 = {
						CreatedOnToolsVersion = 12.4;
					};
					88E592C0260666A000803C82 = {
						CreatedOnToolsVersion = 12.4;
						TestTargetID = 88E592AA2606669F00803C82;
					};
					88E592CB260666A000803C82 = {
						CreatedOnToolsVersion = 12.4;
						TestTargetID = 88E592AA2606669F00803C82;
					};
				};
			};
			buildConfigurationList = 88E592A62606669F00803C82 /* Build configuration list for PBXProject "Ricipidian" */;
			compatibilityVersion = "Xcode 9.3";
			developmentRegion = en;
			hasScannedForEncodings = 0;
			knownRegions = (
				en,
				Base,
			);
			mainGroup = 88E592A22606669F00803C82;
			productRefGroup = 88E592AC2606669F00803C82 /* Products */;
			projectDirPath = "";
			projectRoot = "";
			targets = (
				88E592AA2606669F00803C82 /* Ricipidian */,
				88E592C0260666A000803C82 /* RicipidianTests */,
				88E592CB260666A000803C82 /* RicipidianUITests */,
			);
		};
/* End PBXProject section */

/* Begin PBXResourcesBuildPhase section */
		88E592A92606669F00803C82 /* Resources */ = {
			isa = PBXResourcesBuildPhase;
			buildActionMask = 2147483647;
			files = (
				88CD022626400166006ADCAE /* AddMaterialViewController.xib in Resources */,
				88D17FF8260F53AF005C032C /* AddRecipe1TableViewCell.xib in Resources */,
				8894BE88260A532F00BEF8FA /* RecipeListViewController.xib in Resources */,
				88D49A8B264019820005D45E /* AddMaterialButtonTableViewCell.xib in Resources */,
				88C588BF260AD57A00181C3C /* RecipeListTableViewCell.xib in Resources */,
				88D49A79264016230005D45E /* AddMaterialTableViewCell.xib in Resources */,
				88D17FD8260F4463005C032C /* RecipeGroupListTableViewCell.xib in Resources */,
				88D5BED1260F98AC0074C1EF /* AddRecipeViewController.xib in Resources */,
				88E592BB260666A000803C82 /* LaunchScreen.storyboard in Resources */,
				88E592B8260666A000803C82 /* Assets.xcassets in Resources */,
				88E592B62606669F00803C82 /* Main.storyboard in Resources */,
			);
			runOnlyForDeploymentPostprocessing = 0;
		};
		88E592BF260666A000803C82 /* Resources */ = {
			isa = PBXResourcesBuildPhase;
			buildActionMask = 2147483647;
			files = (
			);
			runOnlyForDeploymentPostprocessing = 0;
		};
		88E592CA260666A000803C82 /* Resources */ = {
			isa = PBXResourcesBuildPhase;
			buildActionMask = 2147483647;
			files = (
			);
			runOnlyForDeploymentPostprocessing = 0;
		};
/* End PBXResourcesBuildPhase section */

/* Begin PBXShellScriptBuildPhase section */
		04923B3268A70655CE763FA3 /* [CP] Check Pods Manifest.lock */ = {
			isa = PBXShellScriptBuildPhase;
			buildActionMask = 2147483647;
			files = (
			);
			inputFileListPaths = (
			);
			inputPaths = (
				"${PODS_PODFILE_DIR_PATH}/Podfile.lock",
				"${PODS_ROOT}/Manifest.lock",
			);
			name = "[CP] Check Pods Manifest.lock";
			outputFileListPaths = (
			);
			outputPaths = (
				"$(DERIVED_FILE_DIR)/Pods-Ricipidian-RicipidianUITests-checkManifestLockResult.txt",
			);
			runOnlyForDeploymentPostprocessing = 0;
			shellPath = /bin/sh;
			shellScript = "diff \"${PODS_PODFILE_DIR_PATH}/Podfile.lock\" \"${PODS_ROOT}/Manifest.lock\" > /dev/null\nif [ $? != 0 ] ; then\n    # print error to STDERR\n    echo \"error: The sandbox is not in sync with the Podfile.lock. Run 'pod install' or update your CocoaPods installation.\" >&2\n    exit 1\nfi\n# This output is used by Xcode 'outputs' to avoid re-running this script phase.\necho \"SUCCESS\" > \"${SCRIPT_OUTPUT_FILE_0}\"\n";
			showEnvVarsInLog = 0;
		};
		3DCA5236D65B289B3005180C /* [CP] Check Pods Manifest.lock */ = {
			isa = PBXShellScriptBuildPhase;
			buildActionMask = 2147483647;
			files = (
			);
			inputFileListPaths = (
			);
			inputPaths = (
				"${PODS_PODFILE_DIR_PATH}/Podfile.lock",
				"${PODS_ROOT}/Manifest.lock",
			);
			name = "[CP] Check Pods Manifest.lock";
			outputFileListPaths = (
			);
			outputPaths = (
				"$(DERIVED_FILE_DIR)/Pods-Ricipidian-checkManifestLockResult.txt",
			);
			runOnlyForDeploymentPostprocessing = 0;
			shellPath = /bin/sh;
			shellScript = "diff \"${PODS_PODFILE_DIR_PATH}/Podfile.lock\" \"${PODS_ROOT}/Manifest.lock\" > /dev/null\nif [ $? != 0 ] ; then\n    # print error to STDERR\n    echo \"error: The sandbox is not in sync with the Podfile.lock. Run 'pod install' or update your CocoaPods installation.\" >&2\n    exit 1\nfi\n# This output is used by Xcode 'outputs' to avoid re-running this script phase.\necho \"SUCCESS\" > \"${SCRIPT_OUTPUT_FILE_0}\"\n";
			showEnvVarsInLog = 0;
		};
		58D410CF7E8CC63289ADB35B /* [CP] Check Pods Manifest.lock */ = {
			isa = PBXShellScriptBuildPhase;
			buildActionMask = 2147483647;
			files = (
			);
			inputFileListPaths = (
			);
			inputPaths = (
				"${PODS_PODFILE_DIR_PATH}/Podfile.lock",
				"${PODS_ROOT}/Manifest.lock",
			);
			name = "[CP] Check Pods Manifest.lock";
			outputFileListPaths = (
			);
			outputPaths = (
				"$(DERIVED_FILE_DIR)/Pods-RicipidianTests-checkManifestLockResult.txt",
			);
			runOnlyForDeploymentPostprocessing = 0;
			shellPath = /bin/sh;
			shellScript = "diff \"${PODS_PODFILE_DIR_PATH}/Podfile.lock\" \"${PODS_ROOT}/Manifest.lock\" > /dev/null\nif [ $? != 0 ] ; then\n    # print error to STDERR\n    echo \"error: The sandbox is not in sync with the Podfile.lock. Run 'pod install' or update your CocoaPods installation.\" >&2\n    exit 1\nfi\n# This output is used by Xcode 'outputs' to avoid re-running this script phase.\necho \"SUCCESS\" > \"${SCRIPT_OUTPUT_FILE_0}\"\n";
			showEnvVarsInLog = 0;
		};
		6DCD2144B057A7571CFFF15B /* [CP] Embed Pods Frameworks */ = {
			isa = PBXShellScriptBuildPhase;
			buildActionMask = 2147483647;
			files = (
			);
			inputFileListPaths = (
				"${PODS_ROOT}/Target Support Files/Pods-Ricipidian-RicipidianUITests/Pods-Ricipidian-RicipidianUITests-frameworks-${CONFIGURATION}-input-files.xcfilelist",
			);
			name = "[CP] Embed Pods Frameworks";
			outputFileListPaths = (
				"${PODS_ROOT}/Target Support Files/Pods-Ricipidian-RicipidianUITests/Pods-Ricipidian-RicipidianUITests-frameworks-${CONFIGURATION}-output-files.xcfilelist",
			);
			runOnlyForDeploymentPostprocessing = 0;
			shellPath = /bin/sh;
			shellScript = "\"${PODS_ROOT}/Target Support Files/Pods-Ricipidian-RicipidianUITests/Pods-Ricipidian-RicipidianUITests-frameworks.sh\"\n";
			showEnvVarsInLog = 0;
		};
		D0FAA26B13E84686E43419FC /* [CP] Embed Pods Frameworks */ = {
			isa = PBXShellScriptBuildPhase;
			buildActionMask = 2147483647;
			files = (
			);
			inputFileListPaths = (
				"${PODS_ROOT}/Target Support Files/Pods-Ricipidian/Pods-Ricipidian-frameworks-${CONFIGURATION}-input-files.xcfilelist",
			);
			name = "[CP] Embed Pods Frameworks";
			outputFileListPaths = (
				"${PODS_ROOT}/Target Support Files/Pods-Ricipidian/Pods-Ricipidian-frameworks-${CONFIGURATION}-output-files.xcfilelist",
			);
			runOnlyForDeploymentPostprocessing = 0;
			shellPath = /bin/sh;
			shellScript = "\"${PODS_ROOT}/Target Support Files/Pods-Ricipidian/Pods-Ricipidian-frameworks.sh\"\n";
			showEnvVarsInLog = 0;
		};
/* End PBXShellScriptBuildPhase section */

/* Begin PBXSourcesBuildPhase section */
		88E592A72606669F00803C82 /* Sources */ = {
			isa = PBXSourcesBuildPhase;
			buildActionMask = 2147483647;
			files = (
				88D1800A260F585F005C032C /* AddRecipeViewModel.swift in Sources */,
				88D49AA526401BC00005D45E /* AddMaterialTableViewCellViewModel.swift in Sources */,
				88D76CA026084C3E007A55DB /* NetworkState.swift in Sources */,
				8874909626067913004D65BA /* UIButton.swift in Sources */,
				88D49AD52640345D0005D45E /* AlertMessage.swift in Sources */,
				88749077260675E8004D65BA /* UICollectionView.swift in Sources */,
				887490CC26067D37004D65BA /* DatePickerViewController.swift in Sources */,
				88D76CAB26084DC0007A55DB /* BaseTableViewCell.swift in Sources */,
				88E592B32606669F00803C82 /* ViewController.swift in Sources */,
				88D49AA026401B800005D45E /* AddMaterialButtonTableViewCellViewModel.swift in Sources */,
				88FF00562609E744003FB601 /* CustomESTabBarItemContentView.swift in Sources */,
				88D49A9B26401B2B0005D45E /* AddMaterialTableView.swift in Sources */,
				88D49A78264016230005D45E /* AddMaterialTableViewCell.swift in Sources */,
				88F461E4260C75F700A4397E /* RecipeListTableView.swift in Sources */,
				88D17FEC260F4E6E005C032C /* User.swift in Sources */,
				88D49A8A264019820005D45E /* AddMaterialButtonTableViewCell.swift in Sources */,
				887490DB26067E01004D65BA /* UIAlertController.swift in Sources */,
				88F461DE260C759100A4397E /* RecipeListViewModelProtocol.swift in Sources */,
				88D5BED0260F98AC0074C1EF /* AddRecipeViewController.swift in Sources */,
				887490512606731A004D65BA /* BaseCollectionVM.swift in Sources */,
				8836053526087A6700A047E0 /* BaseTableViewController.swift in Sources */,
				88FFFFAC2609D118003FB601 /* MainTabbarViewController.swift in Sources */,
				8874907C26067690004D65BA /* UITextField.swift in Sources */,
				887490C726067C88004D65BA /* CustomCollectionView.swift in Sources */,
				887490E026067E6A004D65BA /* BaseDefine.swift in Sources */,
				88F461D4260C73F400A4397E /* RecipeListViewModel.swift in Sources */,
				88D76CB326084E3B007A55DB /* BaseViewController.swift in Sources */,
				88E592AF2606669F00803C82 /* AppDelegate.swift in Sources */,
				887490572606739C004D65BA /* RowViewModel.swift in Sources */,
				88D1801C260F598C005C032C /* AddRecipeTableView.swift in Sources */,
				8874904C260672F9004D65BA /* SectionViewModel.swift in Sources */,
				88D49AB426401D660005D45E /* AddMaterialViewModelProtocol.swift in Sources */,
				88D18000260F53CA005C032C /* AddRecipe1TableViewCellViewModel.swift in Sources */,
				88C588BE260AD57A00181C3C /* RecipeListTableViewCell.swift in Sources */,
				88F461D9260C755D00A4397E /* RecipeListCoordinatorProtocol.swift in Sources */,
				88749039260670CD004D65BA /* Coordinator.swift in Sources */,
				88FFFFE82609D671003FB601 /* GlobalData.swift in Sources */,
				88D17FF7260F53AF005C032C /* AddRecipe1TableViewCell.swift in Sources */,
				88CD95F52610E18700FD5CB9 /* CustomTextAreaView.swift in Sources */,
				88CD95ED2610E16700FD5CB9 /* CustomTextFieldView.swift in Sources */,
				887490D626067DC4004D65BA /* IPopupDialogView.swift in Sources */,
				88F461CF260C722400A4397E /* RecipeListTableViewCellViewModel.swift in Sources */,
				887490B426067B27004D65BA /* RxSwiftExtenstion.swift in Sources */,
				88D18014260F587B005C032C /* AddRecipeCoordinator.swift in Sources */,
				88749047260672CB004D65BA /* BaseViewModel.swift in Sources */,
				887490AA26067A55004D65BA /* UIView.swift in Sources */,
				88CD022526400166006ADCAE /* AddMaterialViewController.swift in Sources */,
				88FFFFE32609D620003FB601 /* MainTabbarCoordinator.swift in Sources */,
				88D18025260F5B06005C032C /* AddRecipeViewModelProtocol.swift in Sources */,
				88D49AAF26401C9A0005D45E /* AddMaterialCoordinator.swift in Sources */,
				887490A0260679EE004D65BA /* UISearchBar.swift in Sources */,
				88D49AAA26401C8B0005D45E /* AddMaterialViewModel.swift in Sources */,
				8874902A26066F54004D65BA /* UserDefaultHelper.swift in Sources */,
				887490BA26067C10004D65BA /* CustomTableView.swift in Sources */,
				88FF006C2609EA32003FB601 /* RecipeListCoordinator.swift in Sources */,
				887490D126067D85004D65BA /* PopupDialogCustom.swift in Sources */,
				88D49AB926401DCD0005D45E /* AddMaterialCoordinatorProtocol.swift in Sources */,
				88D17FD7260F4463005C032C /* RecipeGroupListTableViewCell.swift in Sources */,
				887490C226067C4D004D65BA /* CellConfigurable.swift in Sources */,
				88749064260673E0004D65BA /* BaseRequest.swift in Sources */,
				8874906A260674C3004D65BA /* Logger.swift in Sources */,
				887490EE26067EEC004D65BA /* BaseService.swift in Sources */,
				8836053B26087AF000A047E0 /* TableViewCommon.swift in Sources */,
				887490A526067A27004D65BA /* UIViewController.swift in Sources */,
				8874909B260679B4004D65BA /* UITextView.swift in Sources */,
				88D1802A260F5B97005C032C /* AddRecipeCoordinatorProtocol.swift in Sources */,
				88FF00792609EE61003FB601 /* CustomTabbarItemView.swift in Sources */,
				88E592B12606669F00803C82 /* SceneDelegate.swift in Sources */,
				88FF00502609E677003FB601 /* BaseNavigationController.swift in Sources */,
				8874905F260673BC004D65BA /* BaseResponse.swift in Sources */,
				887490F626067F3C004D65BA /* BaseServiceManager.swift in Sources */,
				887490AF26067AB7004D65BA /* Bundle.swift in Sources */,
				8874903F2606727C004D65BA /* IBaseCollectionVM.swift in Sources */,
				8894BE87260A532F00BEF8FA /* RecipeListViewController.swift in Sources */,
				88FF005F2609E7EC003FB601 /* AppCoordinator.swift in Sources */,
				88749072260675B4004D65BA /* UITableView.swift in Sources */,
				88D17FE4260F4AD7005C032C /* Recipe.swift in Sources */,
				88D17FDD260F45FE005C032C /* RecipeGroupListTableViewCellViewModel.swift in Sources */,
				88D76CA526084C7C007A55DB /* NotifyName.swift in Sources */,
			);
			runOnlyForDeploymentPostprocessing = 0;
		};
		88E592BD260666A000803C82 /* Sources */ = {
			isa = PBXSourcesBuildPhase;
			buildActionMask = 2147483647;
			files = (
				88E592C6260666A000803C82 /* RicipidianTests.swift in Sources */,
			);
			runOnlyForDeploymentPostprocessing = 0;
		};
		88E592C8260666A000803C82 /* Sources */ = {
			isa = PBXSourcesBuildPhase;
			buildActionMask = 2147483647;
			files = (
				88E592D1260666A000803C82 /* RicipidianUITests.swift in Sources */,
			);
			runOnlyForDeploymentPostprocessing = 0;
		};
/* End PBXSourcesBuildPhase section */

/* Begin PBXTargetDependency section */
		88E592C3260666A000803C82 /* PBXTargetDependency */ = {
			isa = PBXTargetDependency;
			target = 88E592AA2606669F00803C82 /* Ricipidian */;
			targetProxy = 88E592C2260666A000803C82 /* PBXContainerItemProxy */;
		};
		88E592CE260666A000803C82 /* PBXTargetDependency */ = {
			isa = PBXTargetDependency;
			target = 88E592AA2606669F00803C82 /* Ricipidian */;
			targetProxy = 88E592CD260666A000803C82 /* PBXContainerItemProxy */;
		};
/* End PBXTargetDependency section */

/* Begin PBXVariantGroup section */
		88E592B42606669F00803C82 /* Main.storyboard */ = {
			isa = PBXVariantGroup;
			children = (
				88E592B52606669F00803C82 /* Base */,
			);
			name = Main.storyboard;
			sourceTree = "<group>";
		};
		88E592B9260666A000803C82 /* LaunchScreen.storyboard */ = {
			isa = PBXVariantGroup;
			children = (
				88E592BA260666A000803C82 /* Base */,
			);
			name = LaunchScreen.storyboard;
			sourceTree = "<group>";
		};
/* End PBXVariantGroup section */

/* Begin XCBuildConfiguration section */
		88E592D3260666A000803C82 /* Debug */ = {
			isa = XCBuildConfiguration;
			buildSettings = {
				ALWAYS_SEARCH_USER_PATHS = NO;
				CLANG_ANALYZER_NONNULL = YES;
				CLANG_ANALYZER_NUMBER_OBJECT_CONVERSION = YES_AGGRESSIVE;
				CLANG_CXX_LANGUAGE_STANDARD = "gnu++14";
				CLANG_CXX_LIBRARY = "libc++";
				CLANG_ENABLE_MODULES = YES;
				CLANG_ENABLE_OBJC_ARC = YES;
				CLANG_ENABLE_OBJC_WEAK = YES;
				CLANG_WARN_BLOCK_CAPTURE_AUTORELEASING = YES;
				CLANG_WARN_BOOL_CONVERSION = YES;
				CLANG_WARN_COMMA = YES;
				CLANG_WARN_CONSTANT_CONVERSION = YES;
				CLANG_WARN_DEPRECATED_OBJC_IMPLEMENTATIONS = YES;
				CLANG_WARN_DIRECT_OBJC_ISA_USAGE = YES_ERROR;
				CLANG_WARN_DOCUMENTATION_COMMENTS = YES;
				CLANG_WARN_EMPTY_BODY = YES;
				CLANG_WARN_ENUM_CONVERSION = YES;
				CLANG_WARN_INFINITE_RECURSION = YES;
				CLANG_WARN_INT_CONVERSION = YES;
				CLANG_WARN_NON_LITERAL_NULL_CONVERSION = YES;
				CLANG_WARN_OBJC_IMPLICIT_RETAIN_SELF = YES;
				CLANG_WARN_OBJC_LITERAL_CONVERSION = YES;
				CLANG_WARN_OBJC_ROOT_CLASS = YES_ERROR;
				CLANG_WARN_QUOTED_INCLUDE_IN_FRAMEWORK_HEADER = YES;
				CLANG_WARN_RANGE_LOOP_ANALYSIS = YES;
				CLANG_WARN_STRICT_PROTOTYPES = YES;
				CLANG_WARN_SUSPICIOUS_MOVE = YES;
				CLANG_WARN_UNGUARDED_AVAILABILITY = YES_AGGRESSIVE;
				CLANG_WARN_UNREACHABLE_CODE = YES;
				CLANG_WARN__DUPLICATE_METHOD_MATCH = YES;
				COPY_PHASE_STRIP = NO;
				DEBUG_INFORMATION_FORMAT = dwarf;
				ENABLE_STRICT_OBJC_MSGSEND = YES;
				ENABLE_TESTABILITY = YES;
				GCC_C_LANGUAGE_STANDARD = gnu11;
				GCC_DYNAMIC_NO_PIC = NO;
				GCC_NO_COMMON_BLOCKS = YES;
				GCC_OPTIMIZATION_LEVEL = 0;
				GCC_PREPROCESSOR_DEFINITIONS = (
					"DEBUG=1",
					"$(inherited)",
				);
				GCC_WARN_64_TO_32_BIT_CONVERSION = YES;
				GCC_WARN_ABOUT_RETURN_TYPE = YES_ERROR;
				GCC_WARN_UNDECLARED_SELECTOR = YES;
				GCC_WARN_UNINITIALIZED_AUTOS = YES_AGGRESSIVE;
				GCC_WARN_UNUSED_FUNCTION = YES;
				GCC_WARN_UNUSED_VARIABLE = YES;
				IPHONEOS_DEPLOYMENT_TARGET = 14.4;
				MTL_ENABLE_DEBUG_INFO = INCLUDE_SOURCE;
				MTL_FAST_MATH = YES;
				ONLY_ACTIVE_ARCH = YES;
				SDKROOT = iphoneos;
				SWIFT_ACTIVE_COMPILATION_CONDITIONS = DEBUG;
				SWIFT_OPTIMIZATION_LEVEL = "-Onone";
			};
			name = Debug;
		};
		88E592D4260666A000803C82 /* Release */ = {
			isa = XCBuildConfiguration;
			buildSettings = {
				ALWAYS_SEARCH_USER_PATHS = NO;
				CLANG_ANALYZER_NONNULL = YES;
				CLANG_ANALYZER_NUMBER_OBJECT_CONVERSION = YES_AGGRESSIVE;
				CLANG_CXX_LANGUAGE_STANDARD = "gnu++14";
				CLANG_CXX_LIBRARY = "libc++";
				CLANG_ENABLE_MODULES = YES;
				CLANG_ENABLE_OBJC_ARC = YES;
				CLANG_ENABLE_OBJC_WEAK = YES;
				CLANG_WARN_BLOCK_CAPTURE_AUTORELEASING = YES;
				CLANG_WARN_BOOL_CONVERSION = YES;
				CLANG_WARN_COMMA = YES;
				CLANG_WARN_CONSTANT_CONVERSION = YES;
				CLANG_WARN_DEPRECATED_OBJC_IMPLEMENTATIONS = YES;
				CLANG_WARN_DIRECT_OBJC_ISA_USAGE = YES_ERROR;
				CLANG_WARN_DOCUMENTATION_COMMENTS = YES;
				CLANG_WARN_EMPTY_BODY = YES;
				CLANG_WARN_ENUM_CONVERSION = YES;
				CLANG_WARN_INFINITE_RECURSION = YES;
				CLANG_WARN_INT_CONVERSION = YES;
				CLANG_WARN_NON_LITERAL_NULL_CONVERSION = YES;
				CLANG_WARN_OBJC_IMPLICIT_RETAIN_SELF = YES;
				CLANG_WARN_OBJC_LITERAL_CONVERSION = YES;
				CLANG_WARN_OBJC_ROOT_CLASS = YES_ERROR;
				CLANG_WARN_QUOTED_INCLUDE_IN_FRAMEWORK_HEADER = YES;
				CLANG_WARN_RANGE_LOOP_ANALYSIS = YES;
				CLANG_WARN_STRICT_PROTOTYPES = YES;
				CLANG_WARN_SUSPICIOUS_MOVE = YES;
				CLANG_WARN_UNGUARDED_AVAILABILITY = YES_AGGRESSIVE;
				CLANG_WARN_UNREACHABLE_CODE = YES;
				CLANG_WARN__DUPLICATE_METHOD_MATCH = YES;
				COPY_PHASE_STRIP = NO;
				DEBUG_INFORMATION_FORMAT = "dwarf-with-dsym";
				ENABLE_NS_ASSERTIONS = NO;
				ENABLE_STRICT_OBJC_MSGSEND = YES;
				GCC_C_LANGUAGE_STANDARD = gnu11;
				GCC_NO_COMMON_BLOCKS = YES;
				GCC_WARN_64_TO_32_BIT_CONVERSION = YES;
				GCC_WARN_ABOUT_RETURN_TYPE = YES_ERROR;
				GCC_WARN_UNDECLARED_SELECTOR = YES;
				GCC_WARN_UNINITIALIZED_AUTOS = YES_AGGRESSIVE;
				GCC_WARN_UNUSED_FUNCTION = YES;
				GCC_WARN_UNUSED_VARIABLE = YES;
				IPHONEOS_DEPLOYMENT_TARGET = 14.4;
				MTL_ENABLE_DEBUG_INFO = NO;
				MTL_FAST_MATH = YES;
				SDKROOT = iphoneos;
				SWIFT_COMPILATION_MODE = wholemodule;
				SWIFT_OPTIMIZATION_LEVEL = "-O";
				VALIDATE_PRODUCT = YES;
			};
			name = Release;
		};
		88E592D6260666A000803C82 /* Debug */ = {
			isa = XCBuildConfiguration;
			baseConfigurationReference = BF3E7D1FDA2DE3F346E9EDDB /* Pods-Ricipidian.debug.xcconfig */;
			buildSettings = {
				ASSETCATALOG_COMPILER_APPICON_NAME = AppIcon;
				ASSETCATALOG_COMPILER_GLOBAL_ACCENT_COLOR_NAME = AccentColor;
				CODE_SIGN_STYLE = Automatic;
				DEVELOPMENT_TEAM = MQ2RMD93K4;
				INFOPLIST_FILE = Ricipidian/Info.plist;
				IPHONEOS_DEPLOYMENT_TARGET = 13.0;
				LD_RUNPATH_SEARCH_PATHS = (
					"$(inherited)",
					"@executable_path/Frameworks",
				);
				PRODUCT_BUNDLE_IDENTIFIER = Tam.Ricipidian;
				PRODUCT_NAME = "$(TARGET_NAME)";
				SWIFT_VERSION = 5.0;
				TARGETED_DEVICE_FAMILY = "1,2";
			};
			name = Debug;
		};
		88E592D7260666A000803C82 /* Release */ = {
			isa = XCBuildConfiguration;
			baseConfigurationReference = 276F8D381120CC3F9B11F1EE /* Pods-Ricipidian.release.xcconfig */;
			buildSettings = {
				ASSETCATALOG_COMPILER_APPICON_NAME = AppIcon;
				ASSETCATALOG_COMPILER_GLOBAL_ACCENT_COLOR_NAME = AccentColor;
				CODE_SIGN_STYLE = Automatic;
				DEVELOPMENT_TEAM = MQ2RMD93K4;
				INFOPLIST_FILE = Ricipidian/Info.plist;
				IPHONEOS_DEPLOYMENT_TARGET = 13.0;
				LD_RUNPATH_SEARCH_PATHS = (
					"$(inherited)",
					"@executable_path/Frameworks",
				);
				PRODUCT_BUNDLE_IDENTIFIER = Tam.Ricipidian;
				PRODUCT_NAME = "$(TARGET_NAME)";
				SWIFT_VERSION = 5.0;
				TARGETED_DEVICE_FAMILY = "1,2";
			};
			name = Release;
		};
		88E592D9260666A000803C82 /* Debug */ = {
			isa = XCBuildConfiguration;
			baseConfigurationReference = E50D4DD86309993D884560C0 /* Pods-RicipidianTests.debug.xcconfig */;
			buildSettings = {
				ALWAYS_EMBED_SWIFT_STANDARD_LIBRARIES = YES;
				BUNDLE_LOADER = "$(TEST_HOST)";
				CODE_SIGN_STYLE = Automatic;
				DEVELOPMENT_TEAM = MQ2RMD93K4;
				INFOPLIST_FILE = RicipidianTests/Info.plist;
				IPHONEOS_DEPLOYMENT_TARGET = 14.4;
				LD_RUNPATH_SEARCH_PATHS = (
					"$(inherited)",
					"@executable_path/Frameworks",
					"@loader_path/Frameworks",
				);
				PRODUCT_BUNDLE_IDENTIFIER = Tam.RicipidianTests;
				PRODUCT_NAME = "$(TARGET_NAME)";
				SWIFT_VERSION = 5.0;
				TARGETED_DEVICE_FAMILY = "1,2";
				TEST_HOST = "$(BUILT_PRODUCTS_DIR)/Ricipidian.app/Ricipidian";
			};
			name = Debug;
		};
		88E592DA260666A000803C82 /* Release */ = {
			isa = XCBuildConfiguration;
			baseConfigurationReference = 3700833B66D45FDC155DAD41 /* Pods-RicipidianTests.release.xcconfig */;
			buildSettings = {
				ALWAYS_EMBED_SWIFT_STANDARD_LIBRARIES = YES;
				BUNDLE_LOADER = "$(TEST_HOST)";
				CODE_SIGN_STYLE = Automatic;
				DEVELOPMENT_TEAM = MQ2RMD93K4;
				INFOPLIST_FILE = RicipidianTests/Info.plist;
				IPHONEOS_DEPLOYMENT_TARGET = 14.4;
				LD_RUNPATH_SEARCH_PATHS = (
					"$(inherited)",
					"@executable_path/Frameworks",
					"@loader_path/Frameworks",
				);
				PRODUCT_BUNDLE_IDENTIFIER = Tam.RicipidianTests;
				PRODUCT_NAME = "$(TARGET_NAME)";
				SWIFT_VERSION = 5.0;
				TARGETED_DEVICE_FAMILY = "1,2";
				TEST_HOST = "$(BUILT_PRODUCTS_DIR)/Ricipidian.app/Ricipidian";
			};
			name = Release;
		};
		88E592DC260666A000803C82 /* Debug */ = {
			isa = XCBuildConfiguration;
			baseConfigurationReference = A5FE2EBF44FE74FE0186849A /* Pods-Ricipidian-RicipidianUITests.debug.xcconfig */;
			buildSettings = {
				ALWAYS_EMBED_SWIFT_STANDARD_LIBRARIES = YES;
				CODE_SIGN_STYLE = Automatic;
				DEVELOPMENT_TEAM = MQ2RMD93K4;
				INFOPLIST_FILE = RicipidianUITests/Info.plist;
				LD_RUNPATH_SEARCH_PATHS = (
					"$(inherited)",
					"@executable_path/Frameworks",
					"@loader_path/Frameworks",
				);
				PRODUCT_BUNDLE_IDENTIFIER = Tam.RicipidianUITests;
				PRODUCT_NAME = "$(TARGET_NAME)";
				SWIFT_VERSION = 5.0;
				TARGETED_DEVICE_FAMILY = "1,2";
				TEST_TARGET_NAME = Ricipidian;
			};
			name = Debug;
		};
		88E592DD260666A000803C82 /* Release */ = {
			isa = XCBuildConfiguration;
			baseConfigurationReference = 39B22DA1EDDFAE36ECCD28F0 /* Pods-Ricipidian-RicipidianUITests.release.xcconfig */;
			buildSettings = {
				ALWAYS_EMBED_SWIFT_STANDARD_LIBRARIES = YES;
				CODE_SIGN_STYLE = Automatic;
				DEVELOPMENT_TEAM = MQ2RMD93K4;
				INFOPLIST_FILE = RicipidianUITests/Info.plist;
				LD_RUNPATH_SEARCH_PATHS = (
					"$(inherited)",
					"@executable_path/Frameworks",
					"@loader_path/Frameworks",
				);
				PRODUCT_BUNDLE_IDENTIFIER = Tam.RicipidianUITests;
				PRODUCT_NAME = "$(TARGET_NAME)";
				SWIFT_VERSION = 5.0;
				TARGETED_DEVICE_FAMILY = "1,2";
				TEST_TARGET_NAME = Ricipidian;
			};
			name = Release;
		};
/* End XCBuildConfiguration section */

/* Begin XCConfigurationList section */
		88E592A62606669F00803C82 /* Build configuration list for PBXProject "Ricipidian" */ = {
			isa = XCConfigurationList;
			buildConfigurations = (
				88E592D3260666A000803C82 /* Debug */,
				88E592D4260666A000803C82 /* Release */,
			);
			defaultConfigurationIsVisible = 0;
			defaultConfigurationName = Release;
		};
		88E592D5260666A000803C82 /* Build configuration list for PBXNativeTarget "Ricipidian" */ = {
			isa = XCConfigurationList;
			buildConfigurations = (
				88E592D6260666A000803C82 /* Debug */,
				88E592D7260666A000803C82 /* Release */,
			);
			defaultConfigurationIsVisible = 0;
			defaultConfigurationName = Release;
		};
		88E592D8260666A000803C82 /* Build configuration list for PBXNativeTarget "RicipidianTests" */ = {
			isa = XCConfigurationList;
			buildConfigurations = (
				88E592D9260666A000803C82 /* Debug */,
				88E592DA260666A000803C82 /* Release */,
			);
			defaultConfigurationIsVisible = 0;
			defaultConfigurationName = Release;
		};
		88E592DB260666A000803C82 /* Build configuration list for PBXNativeTarget "RicipidianUITests" */ = {
			isa = XCConfigurationList;
			buildConfigurations = (
				88E592DC260666A000803C82 /* Debug */,
				88E592DD260666A000803C82 /* Release */,
			);
			defaultConfigurationIsVisible = 0;
			defaultConfigurationName = Release;
		};
/* End XCConfigurationList section */
	};
	rootObject = 88E592A32606669F00803C82 /* Project object */;
}
